{
  "version": 4,
  "terraform_version": "0.12.3",
  "serial": 135,
  "lineage": "5446a1be-8ed6-6276-0ae8-6a8515e55bbb",
  "outputs": {
    "asg_name_consul_cluster": {
      "value": "consul-example2019062612382420510000000a",
      "type": "string"
    },
    "asg_name_vault_cluster": {
      "value": "vault-example20190626123821105600000009",
      "type": "string"
    },
    "aws_region": {
      "value": "us-east-1",
      "type": "string"
    },
    "consul_cluster_cluster_tag_key": {
      "value": "consul-servers",
      "type": "string"
    },
    "consul_cluster_cluster_tag_value": {
      "value": "consul-example",
      "type": "string"
    },
    "iam_role_arn_consul_cluster": {
      "value": "arn:aws:iam::353750335352:role/consul-example20190626123812648000000003",
      "type": "string"
    },
    "iam_role_arn_servers": {
      "value": "arn:aws:iam::353750335352:role/consul-example20190626123812648000000003",
      "type": "string"
    },
    "iam_role_arn_vault_cluster": {
      "value": "arn:aws:iam::353750335352:role/vault-example20190626123812647000000001",
      "type": "string"
    },
    "iam_role_id_consul_cluster": {
      "value": "consul-example20190626123812648000000003",
      "type": "string"
    },
    "iam_role_id_servers": {
      "value": "consul-example20190626123812648000000003",
      "type": "string"
    },
    "iam_role_id_vault_cluster": {
      "value": "vault-example20190626123812647000000001",
      "type": "string"
    },
    "launch_config_name_consul_cluster": {
      "value": "consul-example-20190626123816216700000008",
      "type": "string"
    },
    "launch_config_name_servers": {
      "value": "consul-example-20190626123816216700000008",
      "type": "string"
    },
    "launch_config_name_vault_cluster": {
      "value": "vault-example-20190626123814941000000007",
      "type": "string"
    },
    "security_group_id_consul_cluster": {
      "value": "sg-0db80b68841e38b1d",
      "type": "string"
    },
    "security_group_id_servers": {
      "value": "sg-0db80b68841e38b1d",
      "type": "string"
    },
    "security_group_id_vault_cluster": {
      "value": "sg-051389aa3ebe5fd82",
      "type": "string"
    },
    "ssh_key_name": {
      "value": "HashiDemo",
      "type": "string"
    },
    "vault_cluster_size": {
      "value": 3,
      "type": "number"
    },
    "vault_servers_cluster_tag_key": {
      "value": "Name",
      "type": "string"
    },
    "vault_servers_cluster_tag_value": {
      "value": "vault-example",
      "type": "string"
    }
  },
  "resources": [
    {
      "module": "module.consul_cluster.module.iam_policies",
      "mode": "data",
      "type": "aws_iam_policy_document",
      "name": "auto_discover_cluster",
      "provider": "provider.aws",
      "instances": [
        {
          "schema_version": 0,
          "attributes": {
            "id": "2069168386",
            "json": "{\n  \"Version\": \"2012-10-17\",\n  \"Statement\": [\n    {\n      \"Sid\": \"\",\n      \"Effect\": \"Allow\",\n      \"Action\": [\n        \"ec2:DescribeTags\",\n        \"ec2:DescribeInstances\",\n        \"autoscaling:DescribeAutoScalingGroups\"\n      ],\n      \"Resource\": \"*\"\n    }\n  ]\n}",
            "override_json": null,
            "policy_id": null,
            "source_json": null,
            "statement": [
              {
                "actions": [
                  "autoscaling:DescribeAutoScalingGroups",
                  "ec2:DescribeInstances",
                  "ec2:DescribeTags"
                ],
                "condition": [],
                "effect": "Allow",
                "not_actions": [],
                "not_principals": [],
                "not_resources": [],
                "principals": [],
                "resources": [
                  "*"
                ],
                "sid": ""
              }
            ],
            "version": "2012-10-17"
          }
        }
      ]
    },
    {
      "module": "module.consul_iam_policies_servers",
      "mode": "data",
      "type": "aws_iam_policy_document",
      "name": "auto_discover_cluster",
      "provider": "provider.aws",
      "instances": [
        {
          "schema_version": 0,
          "attributes": {
            "id": "2069168386",
            "json": "{\n  \"Version\": \"2012-10-17\",\n  \"Statement\": [\n    {\n      \"Sid\": \"\",\n      \"Effect\": \"Allow\",\n      \"Action\": [\n        \"ec2:DescribeTags\",\n        \"ec2:DescribeInstances\",\n        \"autoscaling:DescribeAutoScalingGroups\"\n      ],\n      \"Resource\": \"*\"\n    }\n  ]\n}",
            "override_json": null,
            "policy_id": null,
            "source_json": null,
            "statement": [
              {
                "actions": [
                  "autoscaling:DescribeAutoScalingGroups",
                  "ec2:DescribeInstances",
                  "ec2:DescribeTags"
                ],
                "condition": [],
                "effect": "Allow",
                "not_actions": [],
                "not_principals": [],
                "not_resources": [],
                "principals": [],
                "resources": [
                  "*"
                ],
                "sid": ""
              }
            ],
            "version": "2012-10-17"
          }
        }
      ]
    },
    {
      "module": "module.consul_cluster",
      "mode": "data",
      "type": "aws_iam_policy_document",
      "name": "instance_role",
      "provider": "provider.aws",
      "instances": [
        {
          "schema_version": 0,
          "attributes": {
            "id": "1903849331",
            "json": "{\n  \"Version\": \"2012-10-17\",\n  \"Statement\": [\n    {\n      \"Sid\": \"\",\n      \"Effect\": \"Allow\",\n      \"Action\": \"sts:AssumeRole\",\n      \"Principal\": {\n        \"Service\": \"ec2.amazonaws.com\"\n      }\n    }\n  ]\n}",
            "override_json": null,
            "policy_id": null,
            "source_json": null,
            "statement": [
              {
                "actions": [
                  "sts:AssumeRole"
                ],
                "condition": [],
                "effect": "Allow",
                "not_actions": [],
                "not_principals": [],
                "not_resources": [],
                "principals": [
                  {
                    "identifiers": [
                      "ec2.amazonaws.com"
                    ],
                    "type": "Service"
                  }
                ],
                "resources": [],
                "sid": ""
              }
            ],
            "version": "2012-10-17"
          }
        }
      ]
    },
    {
      "module": "module.vault_cluster",
      "mode": "data",
      "type": "aws_iam_policy_document",
      "name": "instance_role",
      "provider": "provider.aws",
      "instances": [
        {
          "schema_version": 0,
          "attributes": {
            "id": "1903849331",
            "json": "{\n  \"Version\": \"2012-10-17\",\n  \"Statement\": [\n    {\n      \"Sid\": \"\",\n      \"Effect\": \"Allow\",\n      \"Action\": \"sts:AssumeRole\",\n      \"Principal\": {\n        \"Service\": \"ec2.amazonaws.com\"\n      }\n    }\n  ]\n}",
            "override_json": null,
            "policy_id": null,
            "source_json": null,
            "statement": [
              {
                "actions": [
                  "sts:AssumeRole"
                ],
                "condition": [],
                "effect": "Allow",
                "not_actions": [],
                "not_principals": [],
                "not_resources": [],
                "principals": [
                  {
                    "identifiers": [
                      "ec2.amazonaws.com"
                    ],
                    "type": "Service"
                  }
                ],
                "resources": [],
                "sid": ""
              }
            ],
            "version": "2012-10-17"
          }
        }
      ]
    },
    {
      "module": "module.vault_cluster",
      "mode": "data",
      "type": "aws_iam_policy_document",
      "name": "vault_auto_unseal_kms",
      "each": "list",
      "provider": "provider.aws",
      "instances": []
    },
    {
      "module": "module.vault_cluster",
      "mode": "data",
      "type": "aws_iam_policy_document",
      "name": "vault_s3",
      "each": "list",
      "provider": "provider.aws",
      "instances": []
    },
    {
      "mode": "data",
      "type": "aws_region",
      "name": "current",
      "provider": "provider.aws",
      "instances": [
        {
          "schema_version": 0,
          "attributes": {
            "current": null,
            "description": "US East (N. Virginia)",
            "endpoint": "ec2.us-east-1.amazonaws.com",
            "id": "us-east-1",
            "name": "us-east-1"
          }
        }
      ]
    },
    {
      "mode": "data",
      "type": "aws_subnet_ids",
      "name": "default",
      "provider": "provider.aws",
      "instances": [
        {
          "schema_version": 0,
          "attributes": {
            "filter": null,
            "id": "vpc-36bf084c",
            "ids": [
              "subnet-09b9e406",
              "subnet-0d5ec56a",
              "subnet-29389717",
              "subnet-36af847c",
              "subnet-e9b9dfc7",
              "subnet-f7bedaab"
            ],
            "tags": null,
            "vpc_id": "vpc-36bf084c"
          },
          "depends_on": [
            "data.aws_vpc.default"
          ]
        }
      ]
    },
    {
      "mode": "data",
      "type": "aws_vpc",
      "name": "default",
      "provider": "provider.aws",
      "instances": [
        {
          "schema_version": 0,
          "attributes": {
            "arn": "arn:aws:ec2:us-east-1:353750335352:vpc/vpc-36bf084c",
            "cidr_block": "172.31.0.0/16",
            "cidr_block_associations": [
              {
                "association_id": "vpc-cidr-assoc-9a8e0ef6",
                "cidr_block": "172.31.0.0/16",
                "state": "associated"
              }
            ],
            "default": true,
            "dhcp_options_id": "dopt-5a0e5e21",
            "enable_dns_hostnames": true,
            "enable_dns_support": true,
            "filter": null,
            "id": "vpc-36bf084c",
            "instance_tenancy": "default",
            "ipv6_association_id": null,
            "ipv6_cidr_block": null,
            "main_route_table_id": "rtb-ee4e7c91",
            "owner_id": "353750335352",
            "state": "available",
            "tags": {}
          }
        }
      ]
    },
    {
      "mode": "data",
      "type": "template_file",
      "name": "user_data_consul",
      "provider": "provider.template",
      "instances": [
        {
          "schema_version": 0,
          "attributes": {
            "filename": null,
            "id": "1140ee80894635bccd5e33238bec5fe8361430aa53f91a86305b2b4e82c35e20",
            "rendered": "#!/bin/bash\r\n# This script is meant to be run in the User Data of each EC2 Instance while it's booting. The script uses the\r\n# run-consul script to configure and start Consul in server mode. Note that this script assumes it's running in an AMI\r\n# built from the Packer template in examples/vault-consul-ami/vault-consul.json.\r\n\r\nset -e\r\n\r\n# Send the log output from this script to user-data.log, syslog, and the console\r\n# From: https://alestic.com/2010/12/ec2-user-data-output/\r\nexec \u003e \u003e(tee /var/log/user-data.log|logger -t user-data -s 2\u003e/dev/console) 2\u003e\u00261\r\n\r\n# These variables are passed in via Terraform template interpolation\r\n/opt/consul/bin/run-consul --server --cluster-tag-key \"consul-servers\" --cluster-tag-value \"consul-example\"",
            "template": "#!/bin/bash\r\n# This script is meant to be run in the User Data of each EC2 Instance while it's booting. The script uses the\r\n# run-consul script to configure and start Consul in server mode. Note that this script assumes it's running in an AMI\r\n# built from the Packer template in examples/vault-consul-ami/vault-consul.json.\r\n\r\nset -e\r\n\r\n# Send the log output from this script to user-data.log, syslog, and the console\r\n# From: https://alestic.com/2010/12/ec2-user-data-output/\r\nexec \u003e \u003e(tee /var/log/user-data.log|logger -t user-data -s 2\u003e/dev/console) 2\u003e\u00261\r\n\r\n# These variables are passed in via Terraform template interpolation\r\n/opt/consul/bin/run-consul --server --cluster-tag-key \"${consul_cluster_tag_key}\" --cluster-tag-value \"${consul_cluster_tag_value}\"",
            "vars": {
              "consul_cluster_tag_key": "consul-servers",
              "consul_cluster_tag_value": "consul-example"
            }
          }
        }
      ]
    },
    {
      "mode": "data",
      "type": "template_file",
      "name": "user_data_vault_cluster",
      "provider": "provider.template",
      "instances": [
        {
          "schema_version": 0,
          "attributes": {
            "filename": null,
            "id": "a955a40884baa48febcec8275597d4703fa7f422b0ac8e7d8666cc9f269f2ea3",
            "rendered": "#!/bin/bash\r\n# This script is meant to be run in the User Data of each EC2 Instance while it's booting. The script uses the\r\n# run-consul script to configure and start Consul in client mode and then the run-vault script to configure and start\r\n# Vault in server mode. Note that this script assumes it's running in an AMI built from the Packer template in\r\n# examples/vault-consul-ami/vault-consul.json.\r\n\r\nset -e\r\n\r\n# Send the log output from this script to user-data.log, syslog, and the console\r\n# From: https://alestic.com/2010/12/ec2-user-data-output/\r\nexec \u003e \u003e(tee /var/log/user-data.log|logger -t user-data -s 2\u003e/dev/console) 2\u003e\u00261\r\n\r\n# The Packer template puts the TLS certs in these file paths\r\nreadonly VAULT_TLS_CERT_FILE=\"/opt/vault/tls/vault.crt.pem\"\r\nreadonly VAULT_TLS_KEY_FILE=\"/opt/vault/tls/vault.key.pem\"\r\n\r\n# The variables below are filled in via Terraform interpolation\r\n/opt/consul/bin/run-consul --client --cluster-tag-key \"consul-servers\" --cluster-tag-value \"consul-example\"\r\n/opt/vault/bin/run-vault --tls-cert-file \"$VAULT_TLS_CERT_FILE\"  --tls-key-file \"$VAULT_TLS_KEY_FILE\"\r\n",
            "template": "#!/bin/bash\r\n# This script is meant to be run in the User Data of each EC2 Instance while it's booting. The script uses the\r\n# run-consul script to configure and start Consul in client mode and then the run-vault script to configure and start\r\n# Vault in server mode. Note that this script assumes it's running in an AMI built from the Packer template in\r\n# examples/vault-consul-ami/vault-consul.json.\r\n\r\nset -e\r\n\r\n# Send the log output from this script to user-data.log, syslog, and the console\r\n# From: https://alestic.com/2010/12/ec2-user-data-output/\r\nexec \u003e \u003e(tee /var/log/user-data.log|logger -t user-data -s 2\u003e/dev/console) 2\u003e\u00261\r\n\r\n# The Packer template puts the TLS certs in these file paths\r\nreadonly VAULT_TLS_CERT_FILE=\"/opt/vault/tls/vault.crt.pem\"\r\nreadonly VAULT_TLS_KEY_FILE=\"/opt/vault/tls/vault.key.pem\"\r\n\r\n# The variables below are filled in via Terraform interpolation\r\n/opt/consul/bin/run-consul --client --cluster-tag-key \"${consul_cluster_tag_key}\" --cluster-tag-value \"${consul_cluster_tag_value}\"\r\n/opt/vault/bin/run-vault --tls-cert-file \"$VAULT_TLS_CERT_FILE\"  --tls-key-file \"$VAULT_TLS_KEY_FILE\"\r\n",
            "vars": {
              "aws_region": "us-east-1",
              "consul_cluster_tag_key": "consul-servers",
              "consul_cluster_tag_value": "consul-example"
            }
          },
          "depends_on": [
            "data.aws_region.current"
          ]
        }
      ]
    },
    {
      "module": "module.consul_cluster",
      "mode": "managed",
      "type": "aws_autoscaling_group",
      "name": "autoscaling_group",
      "provider": "provider.aws",
      "instances": [
        {
          "schema_version": 0,
          "attributes": {
            "arn": "arn:aws:autoscaling:us-east-1:353750335352:autoScalingGroup:7530fc5e-84f6-46d7-8ead-d924c7fe7998:autoScalingGroupName/consul-example2019062612382420510000000a",
            "availability_zones": [
              "us-east-1a",
              "us-east-1b",
              "us-east-1c",
              "us-east-1d",
              "us-east-1e",
              "us-east-1f"
            ],
            "default_cooldown": 300,
            "desired_capacity": 3,
            "enabled_metrics": null,
            "force_delete": false,
            "health_check_grace_period": 300,
            "health_check_type": "EC2",
            "id": "consul-example2019062612382420510000000a",
            "initial_lifecycle_hook": [],
            "launch_configuration": "consul-example-20190626123816216700000008",
            "launch_template": [],
            "load_balancers": [],
            "max_size": 3,
            "metrics_granularity": "1Minute",
            "min_elb_capacity": null,
            "min_size": 3,
            "mixed_instances_policy": [],
            "name": "consul-example2019062612382420510000000a",
            "name_prefix": "consul-example",
            "placement_group": "",
            "protect_from_scale_in": false,
            "service_linked_role_arn": "arn:aws:iam::353750335352:role/aws-service-role/autoscaling.amazonaws.com/AWSServiceRoleForAutoScaling",
            "suspended_processes": null,
            "tag": [],
            "tags": null,
            "target_group_arns": [],
            "termination_policies": [
              "Default"
            ],
            "timeouts": null,
            "vpc_zone_identifier": [
              "subnet-09b9e406",
              "subnet-0d5ec56a",
              "subnet-29389717",
              "subnet-36af847c",
              "subnet-e9b9dfc7",
              "subnet-f7bedaab"
            ],
            "wait_for_capacity_timeout": "10m",
            "wait_for_elb_capacity": null
          },
          "private": "eyJlMmJmYjczMC1lY2FhLTExZTYtOGY4OC0zNDM2M2JjN2M0YzAiOnsiZGVsZXRlIjo2MDAwMDAwMDAwMDB9fQ==",
          "depends_on": [
            "aws_launch_configuration.launch_configuration"
          ]
        }
      ]
    },
    {
      "module": "module.vault_cluster",
      "mode": "managed",
      "type": "aws_autoscaling_group",
      "name": "autoscaling_group",
      "provider": "provider.aws",
      "instances": [
        {
          "schema_version": 0,
          "attributes": {
            "arn": "arn:aws:autoscaling:us-east-1:353750335352:autoScalingGroup:517da152-1d11-4327-85e0-6f2068a1be77:autoScalingGroupName/vault-example20190626123821105600000009",
            "availability_zones": [
              "us-east-1a",
              "us-east-1b",
              "us-east-1c",
              "us-east-1d",
              "us-east-1e",
              "us-east-1f"
            ],
            "default_cooldown": 300,
            "desired_capacity": 3,
            "enabled_metrics": null,
            "force_delete": false,
            "health_check_grace_period": 300,
            "health_check_type": "EC2",
            "id": "vault-example20190626123821105600000009",
            "initial_lifecycle_hook": [],
            "launch_configuration": "vault-example-20190626123814941000000007",
            "launch_template": [],
            "load_balancers": [],
            "max_size": 3,
            "metrics_granularity": "1Minute",
            "min_elb_capacity": null,
            "min_size": 3,
            "mixed_instances_policy": [],
            "name": "vault-example20190626123821105600000009",
            "name_prefix": "vault-example",
            "placement_group": "",
            "protect_from_scale_in": false,
            "service_linked_role_arn": "arn:aws:iam::353750335352:role/aws-service-role/autoscaling.amazonaws.com/AWSServiceRoleForAutoScaling",
            "suspended_processes": null,
            "tag": [],
            "tags": [
              {
                "key": "Name",
                "propagate_at_launch": "true",
                "value": "vault-example"
              }
            ],
            "target_group_arns": [],
            "termination_policies": [
              "Default"
            ],
            "timeouts": null,
            "vpc_zone_identifier": [
              "subnet-09b9e406",
              "subnet-0d5ec56a",
              "subnet-29389717",
              "subnet-36af847c",
              "subnet-e9b9dfc7",
              "subnet-f7bedaab"
            ],
            "wait_for_capacity_timeout": "10m",
            "wait_for_elb_capacity": null
          },
          "private": "eyJlMmJmYjczMC1lY2FhLTExZTYtOGY4OC0zNDM2M2JjN2M0YzAiOnsiZGVsZXRlIjo2MDAwMDAwMDAwMDB9fQ==",
          "depends_on": [
            "aws_iam_role_policy.vault_auto_unseal_kms",
            "aws_iam_role_policy.vault_s3",
            "aws_launch_configuration.launch_configuration",
            "aws_s3_bucket.vault_storage"
          ]
        }
      ]
    },
    {
      "module": "module.consul_cluster",
      "mode": "managed",
      "type": "aws_iam_instance_profile",
      "name": "instance_profile",
      "provider": "provider.aws",
      "instances": [
        {
          "schema_version": 0,
          "attributes": {
            "arn": "arn:aws:iam::353750335352:instance-profile/consul-example20190626123813087000000005",
            "create_date": "2019-06-26T12:38:13Z",
            "id": "consul-example20190626123813087000000005",
            "name": "consul-example20190626123813087000000005",
            "name_prefix": "consul-example",
            "path": "/",
            "role": "consul-example20190626123812648000000003",
            "roles": [],
            "unique_id": "AIPAVEXJJX54IVEJX3ZV3"
          },
          "private": "bnVsbA==",
          "depends_on": [
            "aws_iam_role.instance_role"
          ]
        }
      ]
    },
    {
      "module": "module.vault_cluster",
      "mode": "managed",
      "type": "aws_iam_instance_profile",
      "name": "instance_profile",
      "provider": "provider.aws",
      "instances": [
        {
          "schema_version": 0,
          "attributes": {
            "arn": "arn:aws:iam::353750335352:instance-profile/vault-example20190626123813090000000006",
            "create_date": "2019-06-26T12:38:13Z",
            "id": "vault-example20190626123813090000000006",
            "name": "vault-example20190626123813090000000006",
            "name_prefix": "vault-example",
            "path": "/",
            "role": "vault-example20190626123812647000000001",
            "roles": [],
            "unique_id": "AIPAVEXJJX54GXNC5N4HH"
          },
          "private": "bnVsbA==",
          "depends_on": [
            "aws_iam_role.instance_role"
          ]
        }
      ]
    },
    {
      "module": "module.consul_cluster",
      "mode": "managed",
      "type": "aws_iam_role",
      "name": "instance_role",
      "provider": "provider.aws",
      "instances": [
        {
          "schema_version": 0,
          "attributes": {
            "arn": "arn:aws:iam::353750335352:role/consul-example20190626123812648000000003",
            "assume_role_policy": "{\"Version\":\"2012-10-17\",\"Statement\":[{\"Sid\":\"\",\"Effect\":\"Allow\",\"Principal\":{\"Service\":\"ec2.amazonaws.com\"},\"Action\":\"sts:AssumeRole\"}]}",
            "create_date": "2019-06-26T12:38:12Z",
            "description": "",
            "force_detach_policies": false,
            "id": "consul-example20190626123812648000000003",
            "max_session_duration": 3600,
            "name": "consul-example20190626123812648000000003",
            "name_prefix": "consul-example",
            "path": "/",
            "permissions_boundary": null,
            "tags": null,
            "unique_id": "AROAVEXJJX54MO2HS7QOQ"
          },
          "private": "bnVsbA==",
          "depends_on": [
            "data.aws_iam_policy_document.instance_role"
          ]
        }
      ]
    },
    {
      "module": "module.vault_cluster",
      "mode": "managed",
      "type": "aws_iam_role",
      "name": "instance_role",
      "provider": "provider.aws",
      "instances": [
        {
          "schema_version": 0,
          "attributes": {
            "arn": "arn:aws:iam::353750335352:role/vault-example20190626123812647000000001",
            "assume_role_policy": "{\"Version\":\"2012-10-17\",\"Statement\":[{\"Sid\":\"\",\"Effect\":\"Allow\",\"Principal\":{\"Service\":\"ec2.amazonaws.com\"},\"Action\":\"sts:AssumeRole\"}]}",
            "create_date": "2019-06-26T12:38:12Z",
            "description": "",
            "force_detach_policies": false,
            "id": "vault-example20190626123812647000000001",
            "max_session_duration": 3600,
            "name": "vault-example20190626123812647000000001",
            "name_prefix": "vault-example",
            "path": "/",
            "permissions_boundary": null,
            "tags": null,
            "unique_id": "AROAVEXJJX54LGVOLUL7R"
          },
          "private": "bnVsbA==",
          "depends_on": [
            "data.aws_iam_policy_document.instance_role"
          ]
        }
      ]
    },
    {
      "module": "module.consul_cluster.module.iam_policies",
      "mode": "managed",
      "type": "aws_iam_role_policy",
      "name": "auto_discover_cluster",
      "provider": "provider.aws",
      "instances": [
        {
          "schema_version": 0,
          "attributes": {
            "id": "consul-example20190626123812648000000003:auto-discover-cluster",
            "name": "auto-discover-cluster",
            "name_prefix": null,
            "policy": "{\n  \"Version\": \"2012-10-17\",\n  \"Statement\": [\n    {\n      \"Sid\": \"\",\n      \"Effect\": \"Allow\",\n      \"Action\": [\n        \"ec2:DescribeTags\",\n        \"ec2:DescribeInstances\",\n        \"autoscaling:DescribeAutoScalingGroups\"\n      ],\n      \"Resource\": \"*\"\n    }\n  ]\n}",
            "role": "consul-example20190626123812648000000003"
          },
          "private": "bnVsbA==",
          "depends_on": [
            "data.aws_iam_policy_document.auto_discover_cluster"
          ]
        }
      ]
    },
    {
      "module": "module.consul_iam_policies_servers",
      "mode": "managed",
      "type": "aws_iam_role_policy",
      "name": "auto_discover_cluster",
      "provider": "provider.aws",
      "instances": [
        {
          "schema_version": 0,
          "attributes": {
            "id": "vault-example20190626123812647000000001:auto-discover-cluster",
            "name": "auto-discover-cluster",
            "name_prefix": null,
            "policy": "{\n  \"Version\": \"2012-10-17\",\n  \"Statement\": [\n    {\n      \"Sid\": \"\",\n      \"Effect\": \"Allow\",\n      \"Action\": [\n        \"ec2:DescribeTags\",\n        \"ec2:DescribeInstances\",\n        \"autoscaling:DescribeAutoScalingGroups\"\n      ],\n      \"Resource\": \"*\"\n    }\n  ]\n}",
            "role": "vault-example20190626123812647000000001"
          },
          "private": "bnVsbA==",
          "depends_on": [
            "data.aws_iam_policy_document.auto_discover_cluster"
          ]
        }
      ]
    },
    {
      "module": "module.vault_cluster",
      "mode": "managed",
      "type": "aws_iam_role_policy",
      "name": "vault_auto_unseal_kms",
      "each": "list",
      "provider": "provider.aws",
      "instances": []
    },
    {
      "module": "module.vault_cluster",
      "mode": "managed",
      "type": "aws_iam_role_policy",
      "name": "vault_s3",
      "each": "list",
      "provider": "provider.aws",
      "instances": []
    },
    {
      "module": "module.consul_cluster",
      "mode": "managed",
      "type": "aws_launch_configuration",
      "name": "launch_configuration",
      "provider": "provider.aws",
      "instances": [
        {
          "schema_version": 0,
          "attributes": {
            "associate_public_ip_address": false,
            "ebs_block_device": [],
            "ebs_optimized": false,
            "enable_monitoring": true,
            "ephemeral_block_device": [],
            "iam_instance_profile": "consul-example20190626123813087000000005",
            "id": "consul-example-20190626123816216700000008",
            "image_id": "ami-0984b14d468d085be",
            "instance_type": "t2.nano",
            "key_name": "HashiDemo",
            "name": "consul-example-20190626123816216700000008",
            "name_prefix": "consul-example-",
            "placement_tenancy": null,
            "root_block_device": [
              {
                "delete_on_termination": true,
                "iops": 0,
                "volume_size": 50,
                "volume_type": "standard"
              }
            ],
            "security_groups": [
              "sg-0db80b68841e38b1d"
            ],
            "spot_price": "",
            "user_data": "afa8173c63bc971ade000a5200b955119276b3a3",
            "user_data_base64": null,
            "vpc_classic_link_id": "",
            "vpc_classic_link_security_groups": null
          },
          "private": "bnVsbA==",
          "depends_on": [
            "aws_iam_instance_profile.instance_profile",
            "aws_security_group.lc_security_group"
          ]
        }
      ]
    },
    {
      "module": "module.vault_cluster",
      "mode": "managed",
      "type": "aws_launch_configuration",
      "name": "launch_configuration",
      "provider": "provider.aws",
      "instances": [
        {
          "schema_version": 0,
          "attributes": {
            "associate_public_ip_address": false,
            "ebs_block_device": [],
            "ebs_optimized": false,
            "enable_monitoring": true,
            "ephemeral_block_device": [],
            "iam_instance_profile": "vault-example20190626123813090000000006",
            "id": "vault-example-20190626123814941000000007",
            "image_id": "ami-0984b14d468d085be",
            "instance_type": "t2.micro",
            "key_name": "HashiDemo",
            "name": "vault-example-20190626123814941000000007",
            "name_prefix": "vault-example-",
            "placement_tenancy": "default",
            "root_block_device": [
              {
                "delete_on_termination": true,
                "iops": 0,
                "volume_size": 50,
                "volume_type": "standard"
              }
            ],
            "security_groups": [
              "sg-051389aa3ebe5fd82"
            ],
            "spot_price": "",
            "user_data": "77ef2c2a10e1fb5b7571944fae355972729f4451",
            "user_data_base64": null,
            "vpc_classic_link_id": "",
            "vpc_classic_link_security_groups": null
          },
          "private": "bnVsbA==",
          "depends_on": [
            "aws_iam_instance_profile.instance_profile",
            "aws_security_group.lc_security_group"
          ]
        }
      ]
    },
    {
      "module": "module.vault_cluster",
      "mode": "managed",
      "type": "aws_s3_bucket",
      "name": "vault_storage",
      "each": "list",
      "provider": "provider.aws",
      "instances": []
    },
    {
      "module": "module.consul_cluster",
      "mode": "managed",
      "type": "aws_security_group",
      "name": "lc_security_group",
      "provider": "provider.aws",
      "instances": [
        {
          "schema_version": 1,
          "attributes": {
            "arn": "arn:aws:ec2:us-east-1:353750335352:security-group/sg-0db80b68841e38b1d",
            "description": "Security group for the consul-example launch configuration",
            "egress": [],
            "id": "sg-0db80b68841e38b1d",
            "ingress": [],
            "name": "consul-example20190626123812647000000002",
            "name_prefix": "consul-example",
            "owner_id": "353750335352",
            "revoke_rules_on_delete": false,
            "tags": {
              "Name": "consul-example"
            },
            "timeouts": null,
            "vpc_id": "vpc-36bf084c"
          },
          "private": "eyJlMmJmYjczMC1lY2FhLTExZTYtOGY4OC0zNDM2M2JjN2M0YzAiOnsiY3JlYXRlIjo2MDAwMDAwMDAwMDAsImRlbGV0ZSI6NjAwMDAwMDAwMDAwfSwic2NoZW1hX3ZlcnNpb24iOiIxIn0="
        }
      ]
    },
    {
      "module": "module.vault_cluster",
      "mode": "managed",
      "type": "aws_security_group",
      "name": "lc_security_group",
      "provider": "provider.aws",
      "instances": [
        {
          "schema_version": 1,
          "attributes": {
            "arn": "arn:aws:ec2:us-east-1:353750335352:security-group/sg-051389aa3ebe5fd82",
            "description": "Security group for the vault-example launch configuration",
            "egress": [],
            "id": "sg-051389aa3ebe5fd82",
            "ingress": [],
            "name": "vault-example20190626123812648000000004",
            "name_prefix": "vault-example",
            "owner_id": "353750335352",
            "revoke_rules_on_delete": false,
            "tags": {
              "Name": "vault-example"
            },
            "timeouts": null,
            "vpc_id": "vpc-36bf084c"
          },
          "private": "eyJlMmJmYjczMC1lY2FhLTExZTYtOGY4OC0zNDM2M2JjN2M0YzAiOnsiY3JlYXRlIjo2MDAwMDAwMDAwMDAsImRlbGV0ZSI6NjAwMDAwMDAwMDAwfSwic2NoZW1hX3ZlcnNpb24iOiIxIn0="
        }
      ]
    },
    {
      "module": "module.consul_cluster",
      "mode": "managed",
      "type": "aws_security_group_rule",
      "name": "allow_all_outbound",
      "provider": "provider.aws",
      "instances": [
        {
          "schema_version": 2,
          "attributes": {
            "cidr_blocks": [
              "0.0.0.0/0"
            ],
            "description": null,
            "from_port": 0,
            "id": "sgrule-3870794955",
            "ipv6_cidr_blocks": null,
            "prefix_list_ids": null,
            "protocol": "-1",
            "security_group_id": "sg-0db80b68841e38b1d",
            "self": false,
            "source_security_group_id": null,
            "to_port": 0,
            "type": "egress"
          },
          "private": "eyJzY2hlbWFfdmVyc2lvbiI6IjIifQ==",
          "depends_on": [
            "aws_security_group.lc_security_group"
          ]
        }
      ]
    },
    {
      "module": "module.vault_cluster",
      "mode": "managed",
      "type": "aws_security_group_rule",
      "name": "allow_all_outbound",
      "provider": "provider.aws",
      "instances": [
        {
          "schema_version": 2,
          "attributes": {
            "cidr_blocks": [
              "0.0.0.0/0"
            ],
            "description": null,
            "from_port": 0,
            "id": "sgrule-309619917",
            "ipv6_cidr_blocks": null,
            "prefix_list_ids": null,
            "protocol": "-1",
            "security_group_id": "sg-051389aa3ebe5fd82",
            "self": false,
            "source_security_group_id": null,
            "to_port": 0,
            "type": "egress"
          },
          "private": "eyJzY2hlbWFfdmVyc2lvbiI6IjIifQ==",
          "depends_on": [
            "aws_security_group.lc_security_group"
          ]
        }
      ]
    },
    {
      "module": "module.vault_cluster.module.security_group_rules",
      "mode": "managed",
      "type": "aws_security_group_rule",
      "name": "allow_api_inbound_from_cidr_blocks",
      "each": "list",
      "provider": "provider.aws",
      "instances": [
        {
          "index_key": 0,
          "schema_version": 2,
          "attributes": {
            "cidr_blocks": [
              "0.0.0.0/0"
            ],
            "description": null,
            "from_port": 8200,
            "id": "sgrule-3130334302",
            "ipv6_cidr_blocks": null,
            "prefix_list_ids": null,
            "protocol": "tcp",
            "security_group_id": "sg-051389aa3ebe5fd82",
            "self": false,
            "source_security_group_id": null,
            "to_port": 8200,
            "type": "ingress"
          },
          "private": "eyJzY2hlbWFfdmVyc2lvbiI6IjIifQ=="
        }
      ]
    },
    {
      "module": "module.vault_cluster.module.security_group_rules",
      "mode": "managed",
      "type": "aws_security_group_rule",
      "name": "allow_api_inbound_from_security_group_ids",
      "each": "list",
      "provider": "provider.aws",
      "instances": []
    },
    {
      "module": "module.consul_cluster.module.security_group_rules",
      "mode": "managed",
      "type": "aws_security_group_rule",
      "name": "allow_cli_rpc_inbound",
      "each": "list",
      "provider": "provider.aws",
      "instances": [
        {
          "index_key": 0,
          "schema_version": 2,
          "attributes": {
            "cidr_blocks": [
              "0.0.0.0/0"
            ],
            "description": null,
            "from_port": 8400,
            "id": "sgrule-266271976",
            "ipv6_cidr_blocks": null,
            "prefix_list_ids": null,
            "protocol": "tcp",
            "security_group_id": "sg-0db80b68841e38b1d",
            "self": false,
            "source_security_group_id": null,
            "to_port": 8400,
            "type": "ingress"
          },
          "private": "eyJzY2hlbWFfdmVyc2lvbiI6IjIifQ=="
        }
      ]
    },
    {
      "module": "module.consul_cluster.module.security_group_rules",
      "mode": "managed",
      "type": "aws_security_group_rule",
      "name": "allow_cli_rpc_inbound_from_security_group_ids",
      "each": "list",
      "provider": "provider.aws",
      "instances": []
    },
    {
      "module": "module.consul_cluster.module.security_group_rules",
      "mode": "managed",
      "type": "aws_security_group_rule",
      "name": "allow_cli_rpc_inbound_from_self",
      "provider": "provider.aws",
      "instances": [
        {
          "schema_version": 2,
          "attributes": {
            "cidr_blocks": null,
            "description": null,
            "from_port": 8400,
            "id": "sgrule-1427147347",
            "ipv6_cidr_blocks": null,
            "prefix_list_ids": null,
            "protocol": "tcp",
            "security_group_id": "sg-0db80b68841e38b1d",
            "self": true,
            "source_security_group_id": null,
            "to_port": 8400,
            "type": "ingress"
          },
          "private": "eyJzY2hlbWFfdmVyc2lvbiI6IjIifQ=="
        }
      ]
    },
    {
      "module": "module.vault_cluster.module.security_group_rules",
      "mode": "managed",
      "type": "aws_security_group_rule",
      "name": "allow_cluster_inbound_from_self",
      "provider": "provider.aws",
      "instances": [
        {
          "schema_version": 2,
          "attributes": {
            "cidr_blocks": null,
            "description": null,
            "from_port": 8201,
            "id": "sgrule-1267085375",
            "ipv6_cidr_blocks": null,
            "prefix_list_ids": null,
            "protocol": "tcp",
            "security_group_id": "sg-051389aa3ebe5fd82",
            "self": true,
            "source_security_group_id": null,
            "to_port": 8201,
            "type": "ingress"
          },
          "private": "eyJzY2hlbWFfdmVyc2lvbiI6IjIifQ=="
        }
      ]
    },
    {
      "module": "module.vault_cluster.module.security_group_rules",
      "mode": "managed",
      "type": "aws_security_group_rule",
      "name": "allow_cluster_inbound_from_self_api",
      "provider": "provider.aws",
      "instances": [
        {
          "schema_version": 2,
          "attributes": {
            "cidr_blocks": null,
            "description": null,
            "from_port": 8200,
            "id": "sgrule-920744971",
            "ipv6_cidr_blocks": null,
            "prefix_list_ids": null,
            "protocol": "tcp",
            "security_group_id": "sg-051389aa3ebe5fd82",
            "self": true,
            "source_security_group_id": null,
            "to_port": 8200,
            "type": "ingress"
          },
          "private": "eyJzY2hlbWFfdmVyc2lvbiI6IjIifQ=="
        }
      ]
    },
    {
      "module": "module.consul_cluster.module.security_group_rules",
      "mode": "managed",
      "type": "aws_security_group_rule",
      "name": "allow_dns_tcp_inbound",
      "each": "list",
      "provider": "provider.aws",
      "instances": [
        {
          "index_key": 0,
          "schema_version": 2,
          "attributes": {
            "cidr_blocks": [
              "0.0.0.0/0"
            ],
            "description": null,
            "from_port": 8600,
            "id": "sgrule-123430437",
            "ipv6_cidr_blocks": null,
            "prefix_list_ids": null,
            "protocol": "tcp",
            "security_group_id": "sg-0db80b68841e38b1d",
            "self": false,
            "source_security_group_id": null,
            "to_port": 8600,
            "type": "ingress"
          },
          "private": "eyJzY2hlbWFfdmVyc2lvbiI6IjIifQ=="
        }
      ]
    },
    {
      "module": "module.consul_cluster.module.security_group_rules",
      "mode": "managed",
      "type": "aws_security_group_rule",
      "name": "allow_dns_tcp_inbound_from_security_group_ids",
      "each": "list",
      "provider": "provider.aws",
      "instances": []
    },
    {
      "module": "module.consul_cluster.module.security_group_rules",
      "mode": "managed",
      "type": "aws_security_group_rule",
      "name": "allow_dns_tcp_inbound_from_self",
      "provider": "provider.aws",
      "instances": [
        {
          "schema_version": 2,
          "attributes": {
            "cidr_blocks": null,
            "description": null,
            "from_port": 8600,
            "id": "sgrule-458725920",
            "ipv6_cidr_blocks": null,
            "prefix_list_ids": null,
            "protocol": "tcp",
            "security_group_id": "sg-0db80b68841e38b1d",
            "self": true,
            "source_security_group_id": null,
            "to_port": 8600,
            "type": "ingress"
          },
          "private": "eyJzY2hlbWFfdmVyc2lvbiI6IjIifQ=="
        }
      ]
    },
    {
      "module": "module.consul_cluster.module.security_group_rules",
      "mode": "managed",
      "type": "aws_security_group_rule",
      "name": "allow_dns_udp_inbound",
      "each": "list",
      "provider": "provider.aws",
      "instances": [
        {
          "index_key": 0,
          "schema_version": 2,
          "attributes": {
            "cidr_blocks": [
              "0.0.0.0/0"
            ],
            "description": null,
            "from_port": 8600,
            "id": "sgrule-2039776445",
            "ipv6_cidr_blocks": null,
            "prefix_list_ids": null,
            "protocol": "udp",
            "security_group_id": "sg-0db80b68841e38b1d",
            "self": false,
            "source_security_group_id": null,
            "to_port": 8600,
            "type": "ingress"
          },
          "private": "eyJzY2hlbWFfdmVyc2lvbiI6IjIifQ=="
        }
      ]
    },
    {
      "module": "module.consul_cluster.module.security_group_rules",
      "mode": "managed",
      "type": "aws_security_group_rule",
      "name": "allow_dns_udp_inbound_from_security_group_ids",
      "each": "list",
      "provider": "provider.aws",
      "instances": []
    },
    {
      "module": "module.consul_cluster.module.security_group_rules",
      "mode": "managed",
      "type": "aws_security_group_rule",
      "name": "allow_dns_udp_inbound_from_self",
      "provider": "provider.aws",
      "instances": [
        {
          "schema_version": 2,
          "attributes": {
            "cidr_blocks": null,
            "description": null,
            "from_port": 8600,
            "id": "sgrule-3204987343",
            "ipv6_cidr_blocks": null,
            "prefix_list_ids": null,
            "protocol": "udp",
            "security_group_id": "sg-0db80b68841e38b1d",
            "self": true,
            "source_security_group_id": null,
            "to_port": 8600,
            "type": "ingress"
          },
          "private": "eyJzY2hlbWFfdmVyc2lvbiI6IjIifQ=="
        }
      ]
    },
    {
      "module": "module.consul_cluster.module.security_group_rules",
      "mode": "managed",
      "type": "aws_security_group_rule",
      "name": "allow_http_api_inbound",
      "each": "list",
      "provider": "provider.aws",
      "instances": [
        {
          "index_key": 0,
          "schema_version": 2,
          "attributes": {
            "cidr_blocks": [
              "0.0.0.0/0"
            ],
            "description": null,
            "from_port": 8500,
            "id": "sgrule-3861164718",
            "ipv6_cidr_blocks": null,
            "prefix_list_ids": null,
            "protocol": "tcp",
            "security_group_id": "sg-0db80b68841e38b1d",
            "self": false,
            "source_security_group_id": null,
            "to_port": 8500,
            "type": "ingress"
          },
          "private": "eyJzY2hlbWFfdmVyc2lvbiI6IjIifQ=="
        }
      ]
    },
    {
      "module": "module.consul_cluster.module.security_group_rules",
      "mode": "managed",
      "type": "aws_security_group_rule",
      "name": "allow_http_api_inbound_from_security_group_ids",
      "each": "list",
      "provider": "provider.aws",
      "instances": []
    },
    {
      "module": "module.consul_cluster.module.security_group_rules",
      "mode": "managed",
      "type": "aws_security_group_rule",
      "name": "allow_http_api_inbound_from_self",
      "provider": "provider.aws",
      "instances": [
        {
          "schema_version": 2,
          "attributes": {
            "cidr_blocks": null,
            "description": null,
            "from_port": 8500,
            "id": "sgrule-2676719946",
            "ipv6_cidr_blocks": null,
            "prefix_list_ids": null,
            "protocol": "tcp",
            "security_group_id": "sg-0db80b68841e38b1d",
            "self": true,
            "source_security_group_id": null,
            "to_port": 8500,
            "type": "ingress"
          },
          "private": "eyJzY2hlbWFfdmVyc2lvbiI6IjIifQ=="
        }
      ]
    },
    {
      "module": "module.consul_cluster.module.security_group_rules.module.client_security_group_rules",
      "mode": "managed",
      "type": "aws_security_group_rule",
      "name": "allow_serf_lan_tcp_inbound",
      "each": "list",
      "provider": "provider.aws",
      "instances": [
        {
          "index_key": 0,
          "schema_version": 2,
          "attributes": {
            "cidr_blocks": [
              "0.0.0.0/0"
            ],
            "description": null,
            "from_port": 8301,
            "id": "sgrule-495493626",
            "ipv6_cidr_blocks": null,
            "prefix_list_ids": null,
            "protocol": "tcp",
            "security_group_id": "sg-0db80b68841e38b1d",
            "self": false,
            "source_security_group_id": null,
            "to_port": 8301,
            "type": "ingress"
          },
          "private": "eyJzY2hlbWFfdmVyc2lvbiI6IjIifQ=="
        }
      ]
    },
    {
      "module": "module.security_group_rules",
      "mode": "managed",
      "type": "aws_security_group_rule",
      "name": "allow_serf_lan_tcp_inbound",
      "each": "list",
      "provider": "provider.aws",
      "instances": [
        {
          "index_key": 0,
          "schema_version": 2,
          "attributes": {
            "cidr_blocks": [
              "0.0.0.0/0"
            ],
            "description": null,
            "from_port": 8301,
            "id": "sgrule-2974674459",
            "ipv6_cidr_blocks": null,
            "prefix_list_ids": null,
            "protocol": "tcp",
            "security_group_id": "sg-051389aa3ebe5fd82",
            "self": false,
            "source_security_group_id": null,
            "to_port": 8301,
            "type": "ingress"
          },
          "private": "eyJzY2hlbWFfdmVyc2lvbiI6IjIifQ=="
        }
      ]
    },
    {
      "module": "module.consul_cluster.module.security_group_rules.module.client_security_group_rules",
      "mode": "managed",
      "type": "aws_security_group_rule",
      "name": "allow_serf_lan_tcp_inbound_from_security_group_ids",
      "each": "list",
      "provider": "provider.aws",
      "instances": []
    },
    {
      "module": "module.security_group_rules",
      "mode": "managed",
      "type": "aws_security_group_rule",
      "name": "allow_serf_lan_tcp_inbound_from_security_group_ids",
      "each": "list",
      "provider": "provider.aws",
      "instances": []
    },
    {
      "module": "module.consul_cluster.module.security_group_rules.module.client_security_group_rules",
      "mode": "managed",
      "type": "aws_security_group_rule",
      "name": "allow_serf_lan_tcp_inbound_from_self",
      "provider": "provider.aws",
      "instances": [
        {
          "schema_version": 2,
          "attributes": {
            "cidr_blocks": null,
            "description": null,
            "from_port": 8301,
            "id": "sgrule-807794155",
            "ipv6_cidr_blocks": null,
            "prefix_list_ids": null,
            "protocol": "tcp",
            "security_group_id": "sg-0db80b68841e38b1d",
            "self": true,
            "source_security_group_id": null,
            "to_port": 8301,
            "type": "ingress"
          },
          "private": "eyJzY2hlbWFfdmVyc2lvbiI6IjIifQ=="
        }
      ]
    },
    {
      "module": "module.security_group_rules",
      "mode": "managed",
      "type": "aws_security_group_rule",
      "name": "allow_serf_lan_tcp_inbound_from_self",
      "provider": "provider.aws",
      "instances": [
        {
          "schema_version": 2,
          "attributes": {
            "cidr_blocks": null,
            "description": null,
            "from_port": 8301,
            "id": "sgrule-2166176550",
            "ipv6_cidr_blocks": null,
            "prefix_list_ids": null,
            "protocol": "tcp",
            "security_group_id": "sg-051389aa3ebe5fd82",
            "self": true,
            "source_security_group_id": null,
            "to_port": 8301,
            "type": "ingress"
          },
          "private": "eyJzY2hlbWFfdmVyc2lvbiI6IjIifQ=="
        }
      ]
    },
    {
      "module": "module.consul_cluster.module.security_group_rules.module.client_security_group_rules",
      "mode": "managed",
      "type": "aws_security_group_rule",
      "name": "allow_serf_lan_udp_inbound",
      "each": "list",
      "provider": "provider.aws",
      "instances": [
        {
          "index_key": 0,
          "schema_version": 2,
          "attributes": {
            "cidr_blocks": [
              "0.0.0.0/0"
            ],
            "description": null,
            "from_port": 8301,
            "id": "sgrule-1665614690",
            "ipv6_cidr_blocks": null,
            "prefix_list_ids": null,
            "protocol": "udp",
            "security_group_id": "sg-0db80b68841e38b1d",
            "self": false,
            "source_security_group_id": null,
            "to_port": 8301,
            "type": "ingress"
          },
          "private": "eyJzY2hlbWFfdmVyc2lvbiI6IjIifQ=="
        }
      ]
    },
    {
      "module": "module.security_group_rules",
      "mode": "managed",
      "type": "aws_security_group_rule",
      "name": "allow_serf_lan_udp_inbound",
      "each": "list",
      "provider": "provider.aws",
      "instances": [
        {
          "index_key": 0,
          "schema_version": 2,
          "attributes": {
            "cidr_blocks": [
              "0.0.0.0/0"
            ],
            "description": null,
            "from_port": 8301,
            "id": "sgrule-3481406595",
            "ipv6_cidr_blocks": null,
            "prefix_list_ids": null,
            "protocol": "udp",
            "security_group_id": "sg-051389aa3ebe5fd82",
            "self": false,
            "source_security_group_id": null,
            "to_port": 8301,
            "type": "ingress"
          },
          "private": "eyJzY2hlbWFfdmVyc2lvbiI6IjIifQ=="
        }
      ]
    },
    {
      "module": "module.consul_cluster.module.security_group_rules.module.client_security_group_rules",
      "mode": "managed",
      "type": "aws_security_group_rule",
      "name": "allow_serf_lan_udp_inbound_from_security_group_ids",
      "each": "list",
      "provider": "provider.aws",
      "instances": []
    },
    {
      "module": "module.security_group_rules",
      "mode": "managed",
      "type": "aws_security_group_rule",
      "name": "allow_serf_lan_udp_inbound_from_security_group_ids",
      "each": "list",
      "provider": "provider.aws",
      "instances": []
    },
    {
      "module": "module.consul_cluster.module.security_group_rules.module.client_security_group_rules",
      "mode": "managed",
      "type": "aws_security_group_rule",
      "name": "allow_serf_lan_udp_inbound_from_self",
      "provider": "provider.aws",
      "instances": [
        {
          "schema_version": 2,
          "attributes": {
            "cidr_blocks": null,
            "description": null,
            "from_port": 8301,
            "id": "sgrule-2491045380",
            "ipv6_cidr_blocks": null,
            "prefix_list_ids": null,
            "protocol": "udp",
            "security_group_id": "sg-0db80b68841e38b1d",
            "self": true,
            "source_security_group_id": null,
            "to_port": 8301,
            "type": "ingress"
          },
          "private": "eyJzY2hlbWFfdmVyc2lvbiI6IjIifQ=="
        }
      ]
    },
    {
      "module": "module.security_group_rules",
      "mode": "managed",
      "type": "aws_security_group_rule",
      "name": "allow_serf_lan_udp_inbound_from_self",
      "provider": "provider.aws",
      "instances": [
        {
          "schema_version": 2,
          "attributes": {
            "cidr_blocks": null,
            "description": null,
            "from_port": 8301,
            "id": "sgrule-625121481",
            "ipv6_cidr_blocks": null,
            "prefix_list_ids": null,
            "protocol": "udp",
            "security_group_id": "sg-051389aa3ebe5fd82",
            "self": true,
            "source_security_group_id": null,
            "to_port": 8301,
            "type": "ingress"
          },
          "private": "eyJzY2hlbWFfdmVyc2lvbiI6IjIifQ=="
        }
      ]
    },
    {
      "module": "module.consul_cluster.module.security_group_rules",
      "mode": "managed",
      "type": "aws_security_group_rule",
      "name": "allow_serf_wan_tcp_inbound",
      "each": "list",
      "provider": "provider.aws",
      "instances": [
        {
          "index_key": 0,
          "schema_version": 2,
          "attributes": {
            "cidr_blocks": [
              "0.0.0.0/0"
            ],
            "description": null,
            "from_port": 8302,
            "id": "sgrule-3768476606",
            "ipv6_cidr_blocks": null,
            "prefix_list_ids": null,
            "protocol": "tcp",
            "security_group_id": "sg-0db80b68841e38b1d",
            "self": false,
            "source_security_group_id": null,
            "to_port": 8302,
            "type": "ingress"
          },
          "private": "eyJzY2hlbWFfdmVyc2lvbiI6IjIifQ=="
        }
      ]
    },
    {
      "module": "module.consul_cluster.module.security_group_rules",
      "mode": "managed",
      "type": "aws_security_group_rule",
      "name": "allow_serf_wan_tcp_inbound_from_security_group_ids",
      "each": "list",
      "provider": "provider.aws",
      "instances": []
    },
    {
      "module": "module.consul_cluster.module.security_group_rules",
      "mode": "managed",
      "type": "aws_security_group_rule",
      "name": "allow_serf_wan_tcp_inbound_from_self",
      "provider": "provider.aws",
      "instances": [
        {
          "schema_version": 2,
          "attributes": {
            "cidr_blocks": null,
            "description": null,
            "from_port": 8302,
            "id": "sgrule-3079420343",
            "ipv6_cidr_blocks": null,
            "prefix_list_ids": null,
            "protocol": "tcp",
            "security_group_id": "sg-0db80b68841e38b1d",
            "self": true,
            "source_security_group_id": null,
            "to_port": 8302,
            "type": "ingress"
          },
          "private": "eyJzY2hlbWFfdmVyc2lvbiI6IjIifQ=="
        }
      ]
    },
    {
      "module": "module.consul_cluster.module.security_group_rules",
      "mode": "managed",
      "type": "aws_security_group_rule",
      "name": "allow_serf_wan_udp_inbound",
      "each": "list",
      "provider": "provider.aws",
      "instances": [
        {
          "index_key": 0,
          "schema_version": 2,
          "attributes": {
            "cidr_blocks": [
              "0.0.0.0/0"
            ],
            "description": null,
            "from_port": 8302,
            "id": "sgrule-2656141606",
            "ipv6_cidr_blocks": null,
            "prefix_list_ids": null,
            "protocol": "udp",
            "security_group_id": "sg-0db80b68841e38b1d",
            "self": false,
            "source_security_group_id": null,
            "to_port": 8302,
            "type": "ingress"
          },
          "private": "eyJzY2hlbWFfdmVyc2lvbiI6IjIifQ=="
        }
      ]
    },
    {
      "module": "module.consul_cluster.module.security_group_rules",
      "mode": "managed",
      "type": "aws_security_group_rule",
      "name": "allow_serf_wan_udp_inbound_from_security_group_ids",
      "each": "list",
      "provider": "provider.aws",
      "instances": []
    },
    {
      "module": "module.consul_cluster.module.security_group_rules",
      "mode": "managed",
      "type": "aws_security_group_rule",
      "name": "allow_serf_wan_udp_inbound_from_self",
      "provider": "provider.aws",
      "instances": [
        {
          "schema_version": 2,
          "attributes": {
            "cidr_blocks": null,
            "description": null,
            "from_port": 8302,
            "id": "sgrule-332634712",
            "ipv6_cidr_blocks": null,
            "prefix_list_ids": null,
            "protocol": "udp",
            "security_group_id": "sg-0db80b68841e38b1d",
            "self": true,
            "source_security_group_id": null,
            "to_port": 8302,
            "type": "ingress"
          },
          "private": "eyJzY2hlbWFfdmVyc2lvbiI6IjIifQ=="
        }
      ]
    },
    {
      "module": "module.consul_cluster.module.security_group_rules",
      "mode": "managed",
      "type": "aws_security_group_rule",
      "name": "allow_server_rpc_inbound",
      "each": "list",
      "provider": "provider.aws",
      "instances": [
        {
          "index_key": 0,
          "schema_version": 2,
          "attributes": {
            "cidr_blocks": [
              "0.0.0.0/0"
            ],
            "description": null,
            "from_port": 8300,
            "id": "sgrule-4289338873",
            "ipv6_cidr_blocks": null,
            "prefix_list_ids": null,
            "protocol": "tcp",
            "security_group_id": "sg-0db80b68841e38b1d",
            "self": false,
            "source_security_group_id": null,
            "to_port": 8300,
            "type": "ingress"
          },
          "private": "eyJzY2hlbWFfdmVyc2lvbiI6IjIifQ=="
        }
      ]
    },
    {
      "module": "module.consul_cluster.module.security_group_rules",
      "mode": "managed",
      "type": "aws_security_group_rule",
      "name": "allow_server_rpc_inbound_from_security_group_ids",
      "each": "list",
      "provider": "provider.aws",
      "instances": []
    },
    {
      "module": "module.consul_cluster.module.security_group_rules",
      "mode": "managed",
      "type": "aws_security_group_rule",
      "name": "allow_server_rpc_inbound_from_self",
      "provider": "provider.aws",
      "instances": [
        {
          "schema_version": 2,
          "attributes": {
            "cidr_blocks": null,
            "description": null,
            "from_port": 8300,
            "id": "sgrule-1296216543",
            "ipv6_cidr_blocks": null,
            "prefix_list_ids": null,
            "protocol": "tcp",
            "security_group_id": "sg-0db80b68841e38b1d",
            "self": true,
            "source_security_group_id": null,
            "to_port": 8300,
            "type": "ingress"
          },
          "private": "eyJzY2hlbWFfdmVyc2lvbiI6IjIifQ=="
        }
      ]
    },
    {
      "module": "module.consul_cluster",
      "mode": "managed",
      "type": "aws_security_group_rule",
      "name": "allow_ssh_inbound",
      "each": "list",
      "provider": "provider.aws",
      "instances": [
        {
          "index_key": 0,
          "schema_version": 2,
          "attributes": {
            "cidr_blocks": [
              "0.0.0.0/0"
            ],
            "description": null,
            "from_port": 22,
            "id": "sgrule-2033886240",
            "ipv6_cidr_blocks": null,
            "prefix_list_ids": null,
            "protocol": "tcp",
            "security_group_id": "sg-0db80b68841e38b1d",
            "self": false,
            "source_security_group_id": null,
            "to_port": 22,
            "type": "ingress"
          },
          "private": "eyJzY2hlbWFfdmVyc2lvbiI6IjIifQ==",
          "depends_on": [
            "aws_security_group.lc_security_group"
          ]
        }
      ]
    },
    {
      "module": "module.vault_cluster",
      "mode": "managed",
      "type": "aws_security_group_rule",
      "name": "allow_ssh_inbound_from_cidr_blocks",
      "each": "list",
      "provider": "provider.aws",
      "instances": [
        {
          "index_key": 0,
          "schema_version": 2,
          "attributes": {
            "cidr_blocks": [
              "0.0.0.0/0"
            ],
            "description": null,
            "from_port": 22,
            "id": "sgrule-1785718476",
            "ipv6_cidr_blocks": null,
            "prefix_list_ids": null,
            "protocol": "tcp",
            "security_group_id": "sg-051389aa3ebe5fd82",
            "self": false,
            "source_security_group_id": null,
            "to_port": 22,
            "type": "ingress"
          },
          "private": "eyJzY2hlbWFfdmVyc2lvbiI6IjIifQ==",
          "depends_on": [
            "aws_security_group.lc_security_group"
          ]
        }
      ]
    },
    {
      "module": "module.consul_cluster",
      "mode": "managed",
      "type": "aws_security_group_rule",
      "name": "allow_ssh_inbound_from_security_group_ids",
      "each": "list",
      "provider": "provider.aws",
      "instances": []
    },
    {
      "module": "module.vault_cluster",
      "mode": "managed",
      "type": "aws_security_group_rule",
      "name": "allow_ssh_inbound_from_security_group_ids",
      "each": "list",
      "provider": "provider.aws",
      "instances": []
    }
  ]
}
