{
  "version": 4,
  "terraform_version": "0.12.3",
  "serial": 626,
  "lineage": "5446a1be-8ed6-6276-0ae8-6a8515e55bbb",
  "outputs": {
    "asg_name_consul_cluster": {
      "value": "consul-example2019062622521642650000000f",
      "type": "string"
    },
    "asg_name_vault_cluster": {
      "value": "vault-example2019062622521561080000000d",
      "type": "string"
    },
    "aws_region": {
      "value": "us-east-1",
      "type": "string"
    },
    "consul_cluster_cluster_tag_key": {
      "value": "consul-servers",
      "type": "string"
    },
    "consul_cluster_cluster_tag_value": {
      "value": "consul-example",
      "type": "string"
    },
    "iam_role_arn_consul_cluster": {
      "value": "arn:aws:iam::353750335352:role/consul-example20190626225203012400000004",
      "type": "string"
    },
    "iam_role_arn_servers": {
      "value": "arn:aws:iam::353750335352:role/consul-example20190626225203012400000004",
      "type": "string"
    },
    "iam_role_arn_vault_cluster": {
      "value": "arn:aws:iam::353750335352:role/vault-example20190626225203012400000006",
      "type": "string"
    },
    "iam_role_id_consul_cluster": {
      "value": "consul-example20190626225203012400000004",
      "type": "string"
    },
    "iam_role_id_servers": {
      "value": "consul-example20190626225203012400000004",
      "type": "string"
    },
    "iam_role_id_vault_cluster": {
      "value": "vault-example20190626225203012400000006",
      "type": "string"
    },
    "launch_config_name_consul_cluster": {
      "value": "consul-example-2019062622520558800000000b",
      "type": "string"
    },
    "launch_config_name_servers": {
      "value": "consul-example-2019062622520558800000000b",
      "type": "string"
    },
    "launch_config_name_vault_cluster": {
      "value": "vault-example-2019062622521359700000000c",
      "type": "string"
    },
    "security_group_id_consul_cluster": {
      "value": "sg-0ebc30d51dfa5e8c2",
      "type": "string"
    },
    "security_group_id_servers": {
      "value": "sg-0ebc30d51dfa5e8c2",
      "type": "string"
    },
    "security_group_id_vault_cluster": {
      "value": "sg-092e894704c6b6e57",
      "type": "string"
    },
    "ssh_key_name": {
      "value": "HashiDemo2",
      "type": "string"
    },
    "vault_cluster_size": {
      "value": 3,
      "type": "number"
    },
    "vault_servers_cluster_tag_key": {
      "value": "Name",
      "type": "string"
    },
    "vault_servers_cluster_tag_value": {
      "value": "vault-example",
      "type": "string"
    }
  },
  "resources": [
    {
      "mode": "data",
      "type": "aws_ami",
      "name": "nomad_consul",
      "provider": "provider.aws",
      "instances": [
        {
          "schema_version": 0,
          "attributes": {
            "architecture": "x86_64",
            "block_device_mappings": [
              {
                "device_name": "/dev/sda1",
                "ebs": {
                  "delete_on_termination": "true",
                  "encrypted": "false",
                  "iops": "0",
                  "snapshot_id": "snap-0a39f1b42e56f170e",
                  "volume_size": "8",
                  "volume_type": "gp2"
                },
                "no_device": "",
                "virtual_name": ""
              },
              {
                "device_name": "/dev/sdb",
                "ebs": {},
                "no_device": "",
                "virtual_name": "ephemeral0"
              },
              {
                "device_name": "/dev/sdc",
                "ebs": {},
                "no_device": "",
                "virtual_name": "ephemeral1"
              }
            ],
            "creation_date": "2018-10-02T11:14:15.000Z",
            "description": "An Ubuntu 16.04 AMI that has Nomad and Consul installed.",
            "executable_users": null,
            "filter": [
              {
                "name": "is-public",
                "values": [
                  "true"
                ]
              },
              {
                "name": "name",
                "values": [
                  "nomad-consul-ubuntu-*"
                ]
              },
              {
                "name": "virtualization-type",
                "values": [
                  "hvm"
                ]
              }
            ],
            "hypervisor": "xen",
            "id": "ami-03679e1c6e7585efb",
            "image_id": "ami-03679e1c6e7585efb",
            "image_location": "562637147889/nomad-consul-ubuntu-2018-10-02T11-11-46Z",
            "image_owner_alias": null,
            "image_type": "machine",
            "kernel_id": null,
            "most_recent": true,
            "name": "nomad-consul-ubuntu-2018-10-02T11-11-46Z",
            "name_regex": null,
            "owner_id": "562637147889",
            "owners": [
              "562637147889"
            ],
            "platform": null,
            "product_codes": [],
            "public": true,
            "ramdisk_id": null,
            "root_device_name": "/dev/sda1",
            "root_device_type": "ebs",
            "root_snapshot_id": "snap-0a39f1b42e56f170e",
            "sriov_net_support": "simple",
            "state": "available",
            "state_reason": {
              "code": "UNSET",
              "message": "UNSET"
            },
            "tags": {},
            "virtualization_type": "hvm"
          }
        }
      ]
    },
    {
      "module": "module.consul_cluster.module.iam_policies",
      "mode": "data",
      "type": "aws_iam_policy_document",
      "name": "auto_discover_cluster",
      "provider": "provider.aws",
      "instances": [
        {
          "schema_version": 0,
          "attributes": {
            "id": "2069168386",
            "json": "{\n  \"Version\": \"2012-10-17\",\n  \"Statement\": [\n    {\n      \"Sid\": \"\",\n      \"Effect\": \"Allow\",\n      \"Action\": [\n        \"ec2:DescribeTags\",\n        \"ec2:DescribeInstances\",\n        \"autoscaling:DescribeAutoScalingGroups\"\n      ],\n      \"Resource\": \"*\"\n    }\n  ]\n}",
            "override_json": null,
            "policy_id": null,
            "source_json": null,
            "statement": [
              {
                "actions": [
                  "autoscaling:DescribeAutoScalingGroups",
                  "ec2:DescribeInstances",
                  "ec2:DescribeTags"
                ],
                "condition": [],
                "effect": "Allow",
                "not_actions": [],
                "not_principals": [],
                "not_resources": [],
                "principals": [],
                "resources": [
                  "*"
                ],
                "sid": ""
              }
            ],
            "version": "2012-10-17"
          }
        }
      ]
    },
    {
      "module": "module.consul_iam_policies_servers",
      "mode": "data",
      "type": "aws_iam_policy_document",
      "name": "auto_discover_cluster",
      "provider": "provider.aws",
      "instances": [
        {
          "schema_version": 0,
          "attributes": {
            "id": "2069168386",
            "json": "{\n  \"Version\": \"2012-10-17\",\n  \"Statement\": [\n    {\n      \"Sid\": \"\",\n      \"Effect\": \"Allow\",\n      \"Action\": [\n        \"ec2:DescribeTags\",\n        \"ec2:DescribeInstances\",\n        \"autoscaling:DescribeAutoScalingGroups\"\n      ],\n      \"Resource\": \"*\"\n    }\n  ]\n}",
            "override_json": null,
            "policy_id": null,
            "source_json": null,
            "statement": [
              {
                "actions": [
                  "autoscaling:DescribeAutoScalingGroups",
                  "ec2:DescribeInstances",
                  "ec2:DescribeTags"
                ],
                "condition": [],
                "effect": "Allow",
                "not_actions": [],
                "not_principals": [],
                "not_resources": [],
                "principals": [],
                "resources": [
                  "*"
                ],
                "sid": ""
              }
            ],
            "version": "2012-10-17"
          }
        }
      ]
    },
    {
      "module": "module.nomad_servers",
      "mode": "data",
      "type": "aws_iam_policy_document",
      "name": "instance_role",
      "provider": "provider.aws",
      "instances": [
        {
          "schema_version": 0,
          "attributes": {
            "id": "1903849331",
            "json": "{\n  \"Version\": \"2012-10-17\",\n  \"Statement\": [\n    {\n      \"Sid\": \"\",\n      \"Effect\": \"Allow\",\n      \"Action\": \"sts:AssumeRole\",\n      \"Principal\": {\n        \"Service\": \"ec2.amazonaws.com\"\n      }\n    }\n  ]\n}",
            "override_json": null,
            "policy_id": null,
            "source_json": null,
            "statement": [
              {
                "actions": [
                  "sts:AssumeRole"
                ],
                "condition": [],
                "effect": "Allow",
                "not_actions": [],
                "not_principals": [],
                "not_resources": [],
                "principals": [
                  {
                    "identifiers": [
                      "ec2.amazonaws.com"
                    ],
                    "type": "Service"
                  }
                ],
                "resources": [],
                "sid": ""
              }
            ],
            "version": "2012-10-17"
          }
        }
      ]
    },
    {
      "module": "module.consul_cluster",
      "mode": "data",
      "type": "aws_iam_policy_document",
      "name": "instance_role",
      "provider": "provider.aws",
      "instances": [
        {
          "schema_version": 0,
          "attributes": {
            "id": "1903849331",
            "json": "{\n  \"Version\": \"2012-10-17\",\n  \"Statement\": [\n    {\n      \"Sid\": \"\",\n      \"Effect\": \"Allow\",\n      \"Action\": \"sts:AssumeRole\",\n      \"Principal\": {\n        \"Service\": \"ec2.amazonaws.com\"\n      }\n    }\n  ]\n}",
            "override_json": null,
            "policy_id": null,
            "source_json": null,
            "statement": [
              {
                "actions": [
                  "sts:AssumeRole"
                ],
                "condition": [],
                "effect": "Allow",
                "not_actions": [],
                "not_principals": [],
                "not_resources": [],
                "principals": [
                  {
                    "identifiers": [
                      "ec2.amazonaws.com"
                    ],
                    "type": "Service"
                  }
                ],
                "resources": [],
                "sid": ""
              }
            ],
            "version": "2012-10-17"
          }
        }
      ]
    },
    {
      "module": "module.vault_cluster",
      "mode": "data",
      "type": "aws_iam_policy_document",
      "name": "instance_role",
      "provider": "provider.aws",
      "instances": [
        {
          "schema_version": 0,
          "attributes": {
            "id": "1903849331",
            "json": "{\n  \"Version\": \"2012-10-17\",\n  \"Statement\": [\n    {\n      \"Sid\": \"\",\n      \"Effect\": \"Allow\",\n      \"Action\": \"sts:AssumeRole\",\n      \"Principal\": {\n        \"Service\": \"ec2.amazonaws.com\"\n      }\n    }\n  ]\n}",
            "override_json": null,
            "policy_id": null,
            "source_json": null,
            "statement": [
              {
                "actions": [
                  "sts:AssumeRole"
                ],
                "condition": [],
                "effect": "Allow",
                "not_actions": [],
                "not_principals": [],
                "not_resources": [],
                "principals": [
                  {
                    "identifiers": [
                      "ec2.amazonaws.com"
                    ],
                    "type": "Service"
                  }
                ],
                "resources": [],
                "sid": ""
              }
            ],
            "version": "2012-10-17"
          }
        }
      ]
    },
    {
      "module": "module.vault_cluster",
      "mode": "data",
      "type": "aws_iam_policy_document",
      "name": "vault_auto_unseal_kms",
      "each": "list",
      "provider": "provider.aws",
      "instances": []
    },
    {
      "module": "module.vault_cluster",
      "mode": "data",
      "type": "aws_iam_policy_document",
      "name": "vault_s3",
      "each": "list",
      "provider": "provider.aws",
      "instances": []
    },
    {
      "mode": "data",
      "type": "aws_region",
      "name": "current",
      "provider": "provider.aws",
      "instances": [
        {
          "schema_version": 0,
          "attributes": {
            "current": null,
            "description": "US East (N. Virginia)",
            "endpoint": "ec2.us-east-1.amazonaws.com",
            "id": "us-east-1",
            "name": "us-east-1"
          }
        }
      ]
    },
    {
      "mode": "data",
      "type": "aws_subnet_ids",
      "name": "default",
      "provider": "provider.aws",
      "instances": [
        {
          "schema_version": 0,
          "attributes": {
            "filter": null,
            "id": "vpc-36bf084c",
            "ids": [
              "subnet-09b9e406",
              "subnet-0d5ec56a",
              "subnet-29389717",
              "subnet-36af847c",
              "subnet-e9b9dfc7",
              "subnet-f7bedaab"
            ],
            "tags": null,
            "vpc_id": "vpc-36bf084c"
          },
          "depends_on": [
            "data.aws_vpc.default"
          ]
        }
      ]
    },
    {
      "mode": "data",
      "type": "aws_vpc",
      "name": "default",
      "provider": "provider.aws",
      "instances": [
        {
          "schema_version": 0,
          "attributes": {
            "arn": "arn:aws:ec2:us-east-1:353750335352:vpc/vpc-36bf084c",
            "cidr_block": "172.31.0.0/16",
            "cidr_block_associations": [
              {
                "association_id": "vpc-cidr-assoc-9a8e0ef6",
                "cidr_block": "172.31.0.0/16",
                "state": "associated"
              }
            ],
            "default": true,
            "dhcp_options_id": "dopt-5a0e5e21",
            "enable_dns_hostnames": true,
            "enable_dns_support": true,
            "filter": null,
            "id": "vpc-36bf084c",
            "instance_tenancy": "default",
            "ipv6_association_id": null,
            "ipv6_cidr_block": null,
            "main_route_table_id": "rtb-ee4e7c91",
            "owner_id": "353750335352",
            "state": "available",
            "tags": {}
          }
        }
      ]
    },
    {
      "mode": "data",
      "type": "template_file",
      "name": "user_data_consul",
      "provider": "provider.template",
      "instances": [
        {
          "schema_version": 0,
          "attributes": {
            "filename": null,
            "id": "e5c67aee9f1321bf736447bbe4a43436e399128099267412d9406dad3bb5ec6d",
            "rendered": "#!/bin/bash\n# This script is meant to be run in the User Data of each EC2 Instance while it's booting. The script uses the\n# run-consul script to configure and start Consul in server mode. Note that this script assumes it's running in an AMI\n# built from the Packer template in examples/vault-consul-ami/vault-consul.json.\n\nset -e\n\n# Send the log output from this script to user-data.log, syslog, and the console\n# From: https://alestic.com/2010/12/ec2-user-data-output/\nexec \u003e \u003e(tee /var/log/user-data.log|logger -t user-data -s 2\u003e/dev/console) 2\u003e\u00261\n\n# These variables are passed in via Terraform template interpolation\n/opt/consul/bin/run-consul --server --cluster-tag-key \"consul-servers\" --cluster-tag-value \"consul-example\"",
            "template": "#!/bin/bash\n# This script is meant to be run in the User Data of each EC2 Instance while it's booting. The script uses the\n# run-consul script to configure and start Consul in server mode. Note that this script assumes it's running in an AMI\n# built from the Packer template in examples/vault-consul-ami/vault-consul.json.\n\nset -e\n\n# Send the log output from this script to user-data.log, syslog, and the console\n# From: https://alestic.com/2010/12/ec2-user-data-output/\nexec \u003e \u003e(tee /var/log/user-data.log|logger -t user-data -s 2\u003e/dev/console) 2\u003e\u00261\n\n# These variables are passed in via Terraform template interpolation\n/opt/consul/bin/run-consul --server --cluster-tag-key \"${consul_cluster_tag_key}\" --cluster-tag-value \"${consul_cluster_tag_value}\"",
            "vars": {
              "consul_cluster_tag_key": "consul-servers",
              "consul_cluster_tag_value": "consul-example"
            }
          }
        }
      ]
    },
    {
      "mode": "data",
      "type": "template_file",
      "name": "user_data_nomad_server",
      "provider": "provider.template",
      "instances": [
        {
          "schema_version": 0,
          "attributes": {
            "filename": null,
            "id": "b7733e5ac95f338eee79fc2da17617699fef96ba92660257429bf1764a879559",
            "rendered": "#!/bin/bash\r\n# This script is meant to be run in the User Data of each EC2 Instance while it's booting. The script uses the\r\n# run-consul script to configure and start Consul in client mode and then the run-nomad script to configure and start\r\n# Nomad in server mode. Note that this script assumes it's running in an AMI built from the Packer template in\r\n# examples/nomad-consul-ami/nomad-consul.json.\r\n\r\nset -e\r\n\r\n# Send the log output from this script to user-data.log, syslog, and the console\r\n# From: https://alestic.com/2010/12/ec2-user-data-output/\r\nexec \u003e \u003e(tee /var/log/user-data.log|logger -t user-data -s 2\u003e/dev/console) 2\u003e\u00261\r\n\r\n/opt/consul/bin/run-consul --client --cluster-tag-key \"consul-servers\" --cluster-tag-value \"consul-example\"\r\n/opt/nomad/bin/run-nomad --server --num-servers \"3\"",
            "template": "#!/bin/bash\r\n# This script is meant to be run in the User Data of each EC2 Instance while it's booting. The script uses the\r\n# run-consul script to configure and start Consul in client mode and then the run-nomad script to configure and start\r\n# Nomad in server mode. Note that this script assumes it's running in an AMI built from the Packer template in\r\n# examples/nomad-consul-ami/nomad-consul.json.\r\n\r\nset -e\r\n\r\n# Send the log output from this script to user-data.log, syslog, and the console\r\n# From: https://alestic.com/2010/12/ec2-user-data-output/\r\nexec \u003e \u003e(tee /var/log/user-data.log|logger -t user-data -s 2\u003e/dev/console) 2\u003e\u00261\r\n\r\n/opt/consul/bin/run-consul --client --cluster-tag-key \"${cluster_tag_key}\" --cluster-tag-value \"${cluster_tag_value}\"\r\n/opt/nomad/bin/run-nomad --server --num-servers \"${num_servers}\"",
            "vars": {
              "cluster_tag_key": "consul-servers",
              "cluster_tag_value": "consul-example",
              "num_servers": "3"
            }
          }
        }
      ]
    },
    {
      "mode": "data",
      "type": "template_file",
      "name": "user_data_vault_cluster",
      "provider": "provider.template",
      "instances": [
        {
          "schema_version": 0,
          "attributes": {
            "filename": null,
            "id": "d9f47011811af3a55c507b3c320d167237793a0e1d2292fbba71ef20d63b973f",
            "rendered": "#!/bin/bash\n# This script is meant to be run in the User Data of each EC2 Instance while it's booting. The script uses the\n# run-consul script to configure and start Consul in client mode and then the run-vault script to configure and start\n# Vault in server mode. Note that this script assumes it's running in an AMI built from the Packer template in\n# examples/vault-consul-ami/vault-consul.json.\n\nset -e\n\n# Send the log output from this script to user-data.log, syslog, and the console\n# From: https://alestic.com/2010/12/ec2-user-data-output/\nexec \u003e \u003e(tee /var/log/user-data.log|logger -t user-data -s 2\u003e/dev/console) 2\u003e\u00261\n\n# The Packer template puts the TLS certs in these file paths\nreadonly VAULT_TLS_CERT_FILE=\"/opt/vault/tls/vault.crt.pem\"\nreadonly VAULT_TLS_KEY_FILE=\"/opt/vault/tls/vault.key.pem\"\n\n# The variables below are filled in via Terraform interpolation\n/opt/consul/bin/run-consul --client --cluster-tag-key \"consul-servers\" --cluster-tag-value \"consul-example\"\n/opt/vault/bin/run-vault --tls-cert-file \"$VAULT_TLS_CERT_FILE\"  --tls-key-file \"$VAULT_TLS_KEY_FILE\"\n",
            "template": "#!/bin/bash\n# This script is meant to be run in the User Data of each EC2 Instance while it's booting. The script uses the\n# run-consul script to configure and start Consul in client mode and then the run-vault script to configure and start\n# Vault in server mode. Note that this script assumes it's running in an AMI built from the Packer template in\n# examples/vault-consul-ami/vault-consul.json.\n\nset -e\n\n# Send the log output from this script to user-data.log, syslog, and the console\n# From: https://alestic.com/2010/12/ec2-user-data-output/\nexec \u003e \u003e(tee /var/log/user-data.log|logger -t user-data -s 2\u003e/dev/console) 2\u003e\u00261\n\n# The Packer template puts the TLS certs in these file paths\nreadonly VAULT_TLS_CERT_FILE=\"/opt/vault/tls/vault.crt.pem\"\nreadonly VAULT_TLS_KEY_FILE=\"/opt/vault/tls/vault.key.pem\"\n\n# The variables below are filled in via Terraform interpolation\n/opt/consul/bin/run-consul --client --cluster-tag-key \"${consul_cluster_tag_key}\" --cluster-tag-value \"${consul_cluster_tag_value}\"\n/opt/vault/bin/run-vault --tls-cert-file \"$VAULT_TLS_CERT_FILE\"  --tls-key-file \"$VAULT_TLS_KEY_FILE\"\n",
            "vars": {
              "aws_region": "us-east-1",
              "consul_cluster_tag_key": "consul-servers",
              "consul_cluster_tag_value": "consul-example"
            }
          },
          "depends_on": [
            "data.aws_region.current"
          ]
        }
      ]
    },
    {
      "module": "module.nomad_servers",
      "mode": "managed",
      "type": "aws_autoscaling_group",
      "name": "autoscaling_group",
      "provider": "provider.aws",
      "instances": [
        {
          "schema_version": 0,
          "attributes": {
            "arn": "arn:aws:autoscaling:us-east-1:353750335352:autoScalingGroup:ab3138ed-7956-488f-b60b-773818213d86:autoScalingGroupName/tf-asg-2019062622521611940000000e",
            "availability_zones": [
              "us-east-1a",
              "us-east-1b",
              "us-east-1c",
              "us-east-1d",
              "us-east-1e",
              "us-east-1f"
            ],
            "default_cooldown": 300,
            "desired_capacity": 3,
            "enabled_metrics": null,
            "force_delete": false,
            "health_check_grace_period": 300,
            "health_check_type": "EC2",
            "id": "tf-asg-2019062622521611940000000e",
            "initial_lifecycle_hook": [],
            "launch_configuration": "nomad-example-server-2019062622520531690000000a",
            "launch_template": [],
            "load_balancers": [],
            "max_size": 3,
            "metrics_granularity": "1Minute",
            "min_elb_capacity": null,
            "min_size": 3,
            "mixed_instances_policy": [],
            "name": "tf-asg-2019062622521611940000000e",
            "name_prefix": null,
            "placement_group": "",
            "protect_from_scale_in": false,
            "service_linked_role_arn": "arn:aws:iam::353750335352:role/aws-service-role/autoscaling.amazonaws.com/AWSServiceRoleForAutoScaling",
            "suspended_processes": null,
            "tag": [],
            "tags": null,
            "target_group_arns": [],
            "termination_policies": [
              "Default"
            ],
            "timeouts": null,
            "vpc_zone_identifier": [
              "subnet-09b9e406",
              "subnet-0d5ec56a",
              "subnet-29389717",
              "subnet-36af847c",
              "subnet-e9b9dfc7",
              "subnet-f7bedaab"
            ],
            "wait_for_capacity_timeout": "10m",
            "wait_for_elb_capacity": null
          },
          "private": "eyJlMmJmYjczMC1lY2FhLTExZTYtOGY4OC0zNDM2M2JjN2M0YzAiOnsiZGVsZXRlIjo2MDAwMDAwMDAwMDB9fQ==",
          "depends_on": [
            "aws_launch_configuration.launch_configuration"
          ]
        }
      ]
    },
    {
      "module": "module.consul_cluster",
      "mode": "managed",
      "type": "aws_autoscaling_group",
      "name": "autoscaling_group",
      "provider": "provider.aws",
      "instances": [
        {
          "schema_version": 0,
          "attributes": {
            "arn": "arn:aws:autoscaling:us-east-1:353750335352:autoScalingGroup:dc3874d1-9f9c-4d0b-bd3b-c3cd1bb2d045:autoScalingGroupName/consul-example2019062622521642650000000f",
            "availability_zones": [
              "us-east-1a",
              "us-east-1b",
              "us-east-1c",
              "us-east-1d",
              "us-east-1e",
              "us-east-1f"
            ],
            "default_cooldown": 300,
            "desired_capacity": 3,
            "enabled_metrics": null,
            "force_delete": false,
            "health_check_grace_period": 300,
            "health_check_type": "EC2",
            "id": "consul-example2019062622521642650000000f",
            "initial_lifecycle_hook": [],
            "launch_configuration": "consul-example-2019062622520558800000000b",
            "launch_template": [],
            "load_balancers": [],
            "max_size": 3,
            "metrics_granularity": "1Minute",
            "min_elb_capacity": null,
            "min_size": 3,
            "mixed_instances_policy": [],
            "name": "consul-example2019062622521642650000000f",
            "name_prefix": "consul-example",
            "placement_group": "",
            "protect_from_scale_in": false,
            "service_linked_role_arn": "arn:aws:iam::353750335352:role/aws-service-role/autoscaling.amazonaws.com/AWSServiceRoleForAutoScaling",
            "suspended_processes": null,
            "tag": [],
            "tags": [
              {
                "key": "Name",
                "propagate_at_launch": "true",
                "value": "consul-example"
              },
              {
                "key": "consul-servers",
                "propagate_at_launch": "true",
                "value": "consul-example"
              }
            ],
            "target_group_arns": [],
            "termination_policies": [
              "Default"
            ],
            "timeouts": null,
            "vpc_zone_identifier": [
              "subnet-09b9e406",
              "subnet-0d5ec56a",
              "subnet-29389717",
              "subnet-36af847c",
              "subnet-e9b9dfc7",
              "subnet-f7bedaab"
            ],
            "wait_for_capacity_timeout": "10m",
            "wait_for_elb_capacity": null
          },
          "private": "eyJlMmJmYjczMC1lY2FhLTExZTYtOGY4OC0zNDM2M2JjN2M0YzAiOnsiZGVsZXRlIjo2MDAwMDAwMDAwMDB9fQ==",
          "depends_on": [
            "aws_launch_configuration.launch_configuration"
          ]
        }
      ]
    },
    {
      "module": "module.vault_cluster",
      "mode": "managed",
      "type": "aws_autoscaling_group",
      "name": "autoscaling_group",
      "provider": "provider.aws",
      "instances": [
        {
          "schema_version": 0,
          "attributes": {
            "arn": "arn:aws:autoscaling:us-east-1:353750335352:autoScalingGroup:8ef58b81-b0c9-45b1-a679-94d22d2fece7:autoScalingGroupName/vault-example2019062622521561080000000d",
            "availability_zones": [
              "us-east-1a",
              "us-east-1b",
              "us-east-1c",
              "us-east-1d",
              "us-east-1e",
              "us-east-1f"
            ],
            "default_cooldown": 300,
            "desired_capacity": 3,
            "enabled_metrics": null,
            "force_delete": false,
            "health_check_grace_period": 300,
            "health_check_type": "EC2",
            "id": "vault-example2019062622521561080000000d",
            "initial_lifecycle_hook": [],
            "launch_configuration": "vault-example-2019062622521359700000000c",
            "launch_template": [],
            "load_balancers": [],
            "max_size": 3,
            "metrics_granularity": "1Minute",
            "min_elb_capacity": null,
            "min_size": 3,
            "mixed_instances_policy": [],
            "name": "vault-example2019062622521561080000000d",
            "name_prefix": "vault-example",
            "placement_group": "",
            "protect_from_scale_in": false,
            "service_linked_role_arn": "arn:aws:iam::353750335352:role/aws-service-role/autoscaling.amazonaws.com/AWSServiceRoleForAutoScaling",
            "suspended_processes": null,
            "tag": [],
            "tags": [
              {
                "key": "Name",
                "propagate_at_launch": "true",
                "value": "vault-example"
              }
            ],
            "target_group_arns": [],
            "termination_policies": [
              "Default"
            ],
            "timeouts": null,
            "vpc_zone_identifier": [
              "subnet-09b9e406",
              "subnet-0d5ec56a",
              "subnet-29389717",
              "subnet-36af847c",
              "subnet-e9b9dfc7",
              "subnet-f7bedaab"
            ],
            "wait_for_capacity_timeout": "10m",
            "wait_for_elb_capacity": null
          },
          "private": "eyJlMmJmYjczMC1lY2FhLTExZTYtOGY4OC0zNDM2M2JjN2M0YzAiOnsiZGVsZXRlIjo2MDAwMDAwMDAwMDB9fQ==",
          "depends_on": [
            "aws_iam_role_policy.vault_auto_unseal_kms",
            "aws_iam_role_policy.vault_s3",
            "aws_launch_configuration.launch_configuration",
            "aws_s3_bucket.vault_storage"
          ]
        }
      ]
    },
    {
      "module": "module.nomad_servers",
      "mode": "managed",
      "type": "aws_iam_instance_profile",
      "name": "instance_profile",
      "provider": "provider.aws",
      "instances": [
        {
          "schema_version": 0,
          "attributes": {
            "arn": "arn:aws:iam::353750335352:instance-profile/nomad-example-server20190626225203520800000009",
            "create_date": "2019-06-26T22:51:34Z",
            "id": "nomad-example-server20190626225203520800000009",
            "name": "nomad-example-server20190626225203520800000009",
            "name_prefix": "nomad-example-server",
            "path": "/",
            "role": "nomad-example-server20190626225203012400000005",
            "roles": [],
            "unique_id": "AIPAVEXJJX54JESEGH3F5"
          },
          "private": "bnVsbA==",
          "depends_on": [
            "aws_iam_role.instance_role"
          ]
        }
      ]
    },
    {
      "module": "module.consul_cluster",
      "mode": "managed",
      "type": "aws_iam_instance_profile",
      "name": "instance_profile",
      "provider": "provider.aws",
      "instances": [
        {
          "schema_version": 0,
          "attributes": {
            "arn": "arn:aws:iam::353750335352:instance-profile/consul-example20190626225203519800000008",
            "create_date": "2019-06-26T22:51:34Z",
            "id": "consul-example20190626225203519800000008",
            "name": "consul-example20190626225203519800000008",
            "name_prefix": "consul-example",
            "path": "/",
            "role": "consul-example20190626225203012400000004",
            "roles": [],
            "unique_id": "AIPAVEXJJX54HUPXSNFTZ"
          },
          "private": "bnVsbA==",
          "depends_on": [
            "aws_iam_role.instance_role"
          ]
        }
      ]
    },
    {
      "module": "module.vault_cluster",
      "mode": "managed",
      "type": "aws_iam_instance_profile",
      "name": "instance_profile",
      "provider": "provider.aws",
      "instances": [
        {
          "schema_version": 0,
          "attributes": {
            "arn": "arn:aws:iam::353750335352:instance-profile/vault-example20190626225203518800000007",
            "create_date": "2019-06-26T22:51:34Z",
            "id": "vault-example20190626225203518800000007",
            "name": "vault-example20190626225203518800000007",
            "name_prefix": "vault-example",
            "path": "/",
            "role": "vault-example20190626225203012400000006",
            "roles": [],
            "unique_id": "AIPAVEXJJX54HAMH6RRIQ"
          },
          "private": "bnVsbA==",
          "depends_on": [
            "aws_iam_role.instance_role"
          ]
        }
      ]
    },
    {
      "module": "module.nomad_servers",
      "mode": "managed",
      "type": "aws_iam_role",
      "name": "instance_role",
      "provider": "provider.aws",
      "instances": [
        {
          "schema_version": 0,
          "attributes": {
            "arn": "arn:aws:iam::353750335352:role/nomad-example-server20190626225203012400000005",
            "assume_role_policy": "{\"Version\":\"2012-10-17\",\"Statement\":[{\"Sid\":\"\",\"Effect\":\"Allow\",\"Principal\":{\"Service\":\"ec2.amazonaws.com\"},\"Action\":\"sts:AssumeRole\"}]}",
            "create_date": "2019-06-26T22:51:34Z",
            "description": "",
            "force_detach_policies": false,
            "id": "nomad-example-server20190626225203012400000005",
            "max_session_duration": 3600,
            "name": "nomad-example-server20190626225203012400000005",
            "name_prefix": "nomad-example-server",
            "path": "/",
            "permissions_boundary": null,
            "tags": null,
            "unique_id": "AROAVEXJJX54KATEYN4N2"
          },
          "private": "bnVsbA==",
          "depends_on": [
            "data.aws_iam_policy_document.instance_role"
          ]
        }
      ]
    },
    {
      "module": "module.consul_cluster",
      "mode": "managed",
      "type": "aws_iam_role",
      "name": "instance_role",
      "provider": "provider.aws",
      "instances": [
        {
          "schema_version": 0,
          "attributes": {
            "arn": "arn:aws:iam::353750335352:role/consul-example20190626225203012400000004",
            "assume_role_policy": "{\"Version\":\"2012-10-17\",\"Statement\":[{\"Sid\":\"\",\"Effect\":\"Allow\",\"Principal\":{\"Service\":\"ec2.amazonaws.com\"},\"Action\":\"sts:AssumeRole\"}]}",
            "create_date": "2019-06-26T22:51:34Z",
            "description": "",
            "force_detach_policies": false,
            "id": "consul-example20190626225203012400000004",
            "max_session_duration": 3600,
            "name": "consul-example20190626225203012400000004",
            "name_prefix": "consul-example",
            "path": "/",
            "permissions_boundary": null,
            "tags": null,
            "unique_id": "AROAVEXJJX54BM2BCKF6J"
          },
          "private": "bnVsbA==",
          "depends_on": [
            "data.aws_iam_policy_document.instance_role"
          ]
        }
      ]
    },
    {
      "module": "module.vault_cluster",
      "mode": "managed",
      "type": "aws_iam_role",
      "name": "instance_role",
      "provider": "provider.aws",
      "instances": [
        {
          "schema_version": 0,
          "attributes": {
            "arn": "arn:aws:iam::353750335352:role/vault-example20190626225203012400000006",
            "assume_role_policy": "{\"Version\":\"2012-10-17\",\"Statement\":[{\"Sid\":\"\",\"Effect\":\"Allow\",\"Principal\":{\"Service\":\"ec2.amazonaws.com\"},\"Action\":\"sts:AssumeRole\"}]}",
            "create_date": "2019-06-26T22:51:34Z",
            "description": "",
            "force_detach_policies": false,
            "id": "vault-example20190626225203012400000006",
            "max_session_duration": 3600,
            "name": "vault-example20190626225203012400000006",
            "name_prefix": "vault-example",
            "path": "/",
            "permissions_boundary": null,
            "tags": null,
            "unique_id": "AROAVEXJJX54GUC7QFRKF"
          },
          "private": "bnVsbA==",
          "depends_on": [
            "data.aws_iam_policy_document.instance_role"
          ]
        }
      ]
    },
    {
      "module": "module.consul_cluster.module.iam_policies",
      "mode": "managed",
      "type": "aws_iam_role_policy",
      "name": "auto_discover_cluster",
      "provider": "provider.aws",
      "instances": [
        {
          "schema_version": 0,
          "attributes": {
            "id": "consul-example20190626225203012400000004:auto-discover-cluster",
            "name": "auto-discover-cluster",
            "name_prefix": null,
            "policy": "{\n  \"Version\": \"2012-10-17\",\n  \"Statement\": [\n    {\n      \"Sid\": \"\",\n      \"Effect\": \"Allow\",\n      \"Action\": [\n        \"ec2:DescribeTags\",\n        \"ec2:DescribeInstances\",\n        \"autoscaling:DescribeAutoScalingGroups\"\n      ],\n      \"Resource\": \"*\"\n    }\n  ]\n}",
            "role": "consul-example20190626225203012400000004"
          },
          "private": "bnVsbA==",
          "depends_on": [
            "data.aws_iam_policy_document.auto_discover_cluster"
          ]
        }
      ]
    },
    {
      "module": "module.consul_iam_policies_servers",
      "mode": "managed",
      "type": "aws_iam_role_policy",
      "name": "auto_discover_cluster",
      "provider": "provider.aws",
      "instances": [
        {
          "schema_version": 0,
          "attributes": {
            "id": "vault-example20190626225203012400000006:auto-discover-cluster",
            "name": "auto-discover-cluster",
            "name_prefix": null,
            "policy": "{\n  \"Version\": \"2012-10-17\",\n  \"Statement\": [\n    {\n      \"Sid\": \"\",\n      \"Effect\": \"Allow\",\n      \"Action\": [\n        \"ec2:DescribeTags\",\n        \"ec2:DescribeInstances\",\n        \"autoscaling:DescribeAutoScalingGroups\"\n      ],\n      \"Resource\": \"*\"\n    }\n  ]\n}",
            "role": "vault-example20190626225203012400000006"
          },
          "private": "bnVsbA==",
          "depends_on": [
            "data.aws_iam_policy_document.auto_discover_cluster"
          ]
        }
      ]
    },
    {
      "module": "module.vault_cluster",
      "mode": "managed",
      "type": "aws_iam_role_policy",
      "name": "vault_auto_unseal_kms",
      "each": "list",
      "provider": "provider.aws",
      "instances": []
    },
    {
      "module": "module.vault_cluster",
      "mode": "managed",
      "type": "aws_iam_role_policy",
      "name": "vault_s3",
      "each": "list",
      "provider": "provider.aws",
      "instances": []
    },
    {
      "module": "module.nomad_servers",
      "mode": "managed",
      "type": "aws_launch_configuration",
      "name": "launch_configuration",
      "provider": "provider.aws",
      "instances": [
        {
          "schema_version": 0,
          "attributes": {
            "associate_public_ip_address": false,
            "ebs_block_device": [],
            "ebs_optimized": false,
            "enable_monitoring": true,
            "ephemeral_block_device": [],
            "iam_instance_profile": "nomad-example-server20190626225203520800000009",
            "id": "nomad-example-server-2019062622520531690000000a",
            "image_id": "ami-0ebadf4dff72cf22c",
            "instance_type": "t2.micro",
            "key_name": "HashiDemo2",
            "name": "nomad-example-server-2019062622520531690000000a",
            "name_prefix": "nomad-example-server-",
            "placement_tenancy": "default",
            "root_block_device": [
              {
                "delete_on_termination": true,
                "iops": 0,
                "volume_size": 50,
                "volume_type": "standard"
              }
            ],
            "security_groups": [
              "sg-004e9b9053b755c8a"
            ],
            "spot_price": "",
            "user_data": "3ec35c725d67c8085b4e9ce9958ff5bf09157d1c",
            "user_data_base64": null,
            "vpc_classic_link_id": "",
            "vpc_classic_link_security_groups": null
          },
          "private": "bnVsbA==",
          "depends_on": [
            "aws_iam_instance_profile.instance_profile",
            "aws_security_group.lc_security_group"
          ]
        }
      ]
    },
    {
      "module": "module.consul_cluster",
      "mode": "managed",
      "type": "aws_launch_configuration",
      "name": "launch_configuration",
      "provider": "provider.aws",
      "instances": [
        {
          "schema_version": 0,
          "attributes": {
            "associate_public_ip_address": false,
            "ebs_block_device": [],
            "ebs_optimized": false,
            "enable_monitoring": true,
            "ephemeral_block_device": [],
            "iam_instance_profile": "consul-example20190626225203519800000008",
            "id": "consul-example-2019062622520558800000000b",
            "image_id": "ami-0984b14d468d085be",
            "instance_type": "t2.nano",
            "key_name": "HashiDemo2",
            "name": "consul-example-2019062622520558800000000b",
            "name_prefix": "consul-example-",
            "placement_tenancy": null,
            "root_block_device": [
              {
                "delete_on_termination": true,
                "iops": 0,
                "volume_size": 50,
                "volume_type": "standard"
              }
            ],
            "security_groups": [
              "sg-0ebc30d51dfa5e8c2"
            ],
            "spot_price": "",
            "user_data": "469b72bcb233039af79a1e393034a2c490d84096",
            "user_data_base64": null,
            "vpc_classic_link_id": "",
            "vpc_classic_link_security_groups": null
          },
          "private": "bnVsbA==",
          "depends_on": [
            "aws_iam_instance_profile.instance_profile",
            "aws_security_group.lc_security_group"
          ]
        }
      ]
    },
    {
      "module": "module.vault_cluster",
      "mode": "managed",
      "type": "aws_launch_configuration",
      "name": "launch_configuration",
      "provider": "provider.aws",
      "instances": [
        {
          "schema_version": 0,
          "attributes": {
            "associate_public_ip_address": false,
            "ebs_block_device": [],
            "ebs_optimized": false,
            "enable_monitoring": true,
            "ephemeral_block_device": [],
            "iam_instance_profile": "vault-example20190626225203518800000007",
            "id": "vault-example-2019062622521359700000000c",
            "image_id": "ami-0984b14d468d085be",
            "instance_type": "t2.micro",
            "key_name": "HashiDemo2",
            "name": "vault-example-2019062622521359700000000c",
            "name_prefix": "vault-example-",
            "placement_tenancy": "default",
            "root_block_device": [
              {
                "delete_on_termination": true,
                "iops": 0,
                "volume_size": 50,
                "volume_type": "standard"
              }
            ],
            "security_groups": [
              "sg-092e894704c6b6e57"
            ],
            "spot_price": "",
            "user_data": "cea70f9aa6d439c92a30cdf8684f5b627395ffa7",
            "user_data_base64": null,
            "vpc_classic_link_id": "",
            "vpc_classic_link_security_groups": null
          },
          "private": "bnVsbA==",
          "depends_on": [
            "aws_iam_instance_profile.instance_profile",
            "aws_security_group.lc_security_group"
          ]
        }
      ]
    },
    {
      "module": "module.vault_cluster",
      "mode": "managed",
      "type": "aws_s3_bucket",
      "name": "vault_storage",
      "each": "list",
      "provider": "provider.aws",
      "instances": []
    },
    {
      "module": "module.nomad_servers",
      "mode": "managed",
      "type": "aws_security_group",
      "name": "lc_security_group",
      "provider": "provider.aws",
      "instances": [
        {
          "schema_version": 1,
          "attributes": {
            "arn": "arn:aws:ec2:us-east-1:353750335352:security-group/sg-004e9b9053b755c8a",
            "description": "Security group for the nomad-example-server launch configuration",
            "egress": [],
            "id": "sg-004e9b9053b755c8a",
            "ingress": [],
            "name": "nomad-example-server20190626225203012400000001",
            "name_prefix": "nomad-example-server",
            "owner_id": "353750335352",
            "revoke_rules_on_delete": false,
            "tags": null,
            "timeouts": null,
            "vpc_id": "vpc-36bf084c"
          },
          "private": "eyJlMmJmYjczMC1lY2FhLTExZTYtOGY4OC0zNDM2M2JjN2M0YzAiOnsiY3JlYXRlIjo2MDAwMDAwMDAwMDAsImRlbGV0ZSI6NjAwMDAwMDAwMDAwfSwic2NoZW1hX3ZlcnNpb24iOiIxIn0="
        }
      ]
    },
    {
      "module": "module.consul_cluster",
      "mode": "managed",
      "type": "aws_security_group",
      "name": "lc_security_group",
      "provider": "provider.aws",
      "instances": [
        {
          "schema_version": 1,
          "attributes": {
            "arn": "arn:aws:ec2:us-east-1:353750335352:security-group/sg-0ebc30d51dfa5e8c2",
            "description": "Security group for the consul-example launch configuration",
            "egress": [],
            "id": "sg-0ebc30d51dfa5e8c2",
            "ingress": [],
            "name": "consul-example20190626225203012400000002",
            "name_prefix": "consul-example",
            "owner_id": "353750335352",
            "revoke_rules_on_delete": false,
            "tags": {
              "Name": "consul-example"
            },
            "timeouts": null,
            "vpc_id": "vpc-36bf084c"
          },
          "private": "eyJlMmJmYjczMC1lY2FhLTExZTYtOGY4OC0zNDM2M2JjN2M0YzAiOnsiY3JlYXRlIjo2MDAwMDAwMDAwMDAsImRlbGV0ZSI6NjAwMDAwMDAwMDAwfSwic2NoZW1hX3ZlcnNpb24iOiIxIn0="
        }
      ]
    },
    {
      "module": "module.vault_cluster",
      "mode": "managed",
      "type": "aws_security_group",
      "name": "lc_security_group",
      "provider": "provider.aws",
      "instances": [
        {
          "schema_version": 1,
          "attributes": {
            "arn": "arn:aws:ec2:us-east-1:353750335352:security-group/sg-092e894704c6b6e57",
            "description": "Security group for the vault-example launch configuration",
            "egress": [],
            "id": "sg-092e894704c6b6e57",
            "ingress": [],
            "name": "vault-example20190626225203012400000003",
            "name_prefix": "vault-example",
            "owner_id": "353750335352",
            "revoke_rules_on_delete": false,
            "tags": {
              "Name": "vault-example"
            },
            "timeouts": null,
            "vpc_id": "vpc-36bf084c"
          },
          "private": "eyJlMmJmYjczMC1lY2FhLTExZTYtOGY4OC0zNDM2M2JjN2M0YzAiOnsiY3JlYXRlIjo2MDAwMDAwMDAwMDAsImRlbGV0ZSI6NjAwMDAwMDAwMDAwfSwic2NoZW1hX3ZlcnNpb24iOiIxIn0="
        }
      ]
    },
    {
      "module": "module.nomad_servers",
      "mode": "managed",
      "type": "aws_security_group_rule",
      "name": "allow_all_outbound",
      "provider": "provider.aws",
      "instances": [
        {
          "schema_version": 2,
          "attributes": {
            "cidr_blocks": [
              "0.0.0.0/0"
            ],
            "description": null,
            "from_port": 0,
            "id": "sgrule-1023783662",
            "ipv6_cidr_blocks": null,
            "prefix_list_ids": null,
            "protocol": "-1",
            "security_group_id": "sg-004e9b9053b755c8a",
            "self": false,
            "source_security_group_id": null,
            "to_port": 0,
            "type": "egress"
          },
          "private": "eyJzY2hlbWFfdmVyc2lvbiI6IjIifQ==",
          "depends_on": [
            "aws_security_group.lc_security_group"
          ]
        }
      ]
    },
    {
      "module": "module.consul_cluster",
      "mode": "managed",
      "type": "aws_security_group_rule",
      "name": "allow_all_outbound",
      "provider": "provider.aws",
      "instances": [
        {
          "schema_version": 2,
          "attributes": {
            "cidr_blocks": [
              "0.0.0.0/0"
            ],
            "description": null,
            "from_port": 0,
            "id": "sgrule-1968315260",
            "ipv6_cidr_blocks": null,
            "prefix_list_ids": null,
            "protocol": "-1",
            "security_group_id": "sg-0ebc30d51dfa5e8c2",
            "self": false,
            "source_security_group_id": null,
            "to_port": 0,
            "type": "egress"
          },
          "private": "eyJzY2hlbWFfdmVyc2lvbiI6IjIifQ==",
          "depends_on": [
            "aws_security_group.lc_security_group"
          ]
        }
      ]
    },
    {
      "module": "module.vault_cluster",
      "mode": "managed",
      "type": "aws_security_group_rule",
      "name": "allow_all_outbound",
      "provider": "provider.aws",
      "instances": [
        {
          "schema_version": 2,
          "attributes": {
            "cidr_blocks": [
              "0.0.0.0/0"
            ],
            "description": null,
            "from_port": 0,
            "id": "sgrule-300693058",
            "ipv6_cidr_blocks": null,
            "prefix_list_ids": null,
            "protocol": "-1",
            "security_group_id": "sg-092e894704c6b6e57",
            "self": false,
            "source_security_group_id": null,
            "to_port": 0,
            "type": "egress"
          },
          "private": "eyJzY2hlbWFfdmVyc2lvbiI6IjIifQ==",
          "depends_on": [
            "aws_security_group.lc_security_group"
          ]
        }
      ]
    },
    {
      "module": "module.vault_cluster.module.security_group_rules",
      "mode": "managed",
      "type": "aws_security_group_rule",
      "name": "allow_api_inbound_from_cidr_blocks",
      "each": "list",
      "provider": "provider.aws",
      "instances": [
        {
          "index_key": 0,
          "schema_version": 2,
          "attributes": {
            "cidr_blocks": [
              "0.0.0.0/0"
            ],
            "description": null,
            "from_port": 8200,
            "id": "sgrule-3643186615",
            "ipv6_cidr_blocks": null,
            "prefix_list_ids": null,
            "protocol": "tcp",
            "security_group_id": "sg-092e894704c6b6e57",
            "self": false,
            "source_security_group_id": null,
            "to_port": 8200,
            "type": "ingress"
          },
          "private": "eyJzY2hlbWFfdmVyc2lvbiI6IjIifQ=="
        }
      ]
    },
    {
      "module": "module.vault_cluster.module.security_group_rules",
      "mode": "managed",
      "type": "aws_security_group_rule",
      "name": "allow_api_inbound_from_security_group_ids",
      "each": "list",
      "provider": "provider.aws",
      "instances": []
    },
    {
      "module": "module.consul_cluster.module.security_group_rules",
      "mode": "managed",
      "type": "aws_security_group_rule",
      "name": "allow_cli_rpc_inbound",
      "each": "list",
      "provider": "provider.aws",
      "instances": [
        {
          "index_key": 0,
          "schema_version": 2,
          "attributes": {
            "cidr_blocks": [
              "0.0.0.0/0"
            ],
            "description": null,
            "from_port": 8400,
            "id": "sgrule-3775430152",
            "ipv6_cidr_blocks": null,
            "prefix_list_ids": null,
            "protocol": "tcp",
            "security_group_id": "sg-0ebc30d51dfa5e8c2",
            "self": false,
            "source_security_group_id": null,
            "to_port": 8400,
            "type": "ingress"
          },
          "private": "eyJzY2hlbWFfdmVyc2lvbiI6IjIifQ=="
        }
      ]
    },
    {
      "module": "module.consul_cluster.module.security_group_rules",
      "mode": "managed",
      "type": "aws_security_group_rule",
      "name": "allow_cli_rpc_inbound_from_security_group_ids",
      "each": "list",
      "provider": "provider.aws",
      "instances": []
    },
    {
      "module": "module.consul_cluster.module.security_group_rules",
      "mode": "managed",
      "type": "aws_security_group_rule",
      "name": "allow_cli_rpc_inbound_from_self",
      "provider": "provider.aws",
      "instances": [
        {
          "schema_version": 2,
          "attributes": {
            "cidr_blocks": null,
            "description": null,
            "from_port": 8400,
            "id": "sgrule-926213613",
            "ipv6_cidr_blocks": null,
            "prefix_list_ids": null,
            "protocol": "tcp",
            "security_group_id": "sg-0ebc30d51dfa5e8c2",
            "self": true,
            "source_security_group_id": null,
            "to_port": 8400,
            "type": "ingress"
          },
          "private": "eyJzY2hlbWFfdmVyc2lvbiI6IjIifQ=="
        }
      ]
    },
    {
      "module": "module.vault_cluster.module.security_group_rules",
      "mode": "managed",
      "type": "aws_security_group_rule",
      "name": "allow_cluster_inbound_from_self",
      "provider": "provider.aws",
      "instances": [
        {
          "schema_version": 2,
          "attributes": {
            "cidr_blocks": null,
            "description": null,
            "from_port": 8201,
            "id": "sgrule-459870619",
            "ipv6_cidr_blocks": null,
            "prefix_list_ids": null,
            "protocol": "tcp",
            "security_group_id": "sg-092e894704c6b6e57",
            "self": true,
            "source_security_group_id": null,
            "to_port": 8201,
            "type": "ingress"
          },
          "private": "eyJzY2hlbWFfdmVyc2lvbiI6IjIifQ=="
        }
      ]
    },
    {
      "module": "module.vault_cluster.module.security_group_rules",
      "mode": "managed",
      "type": "aws_security_group_rule",
      "name": "allow_cluster_inbound_from_self_api",
      "provider": "provider.aws",
      "instances": [
        {
          "schema_version": 2,
          "attributes": {
            "cidr_blocks": null,
            "description": null,
            "from_port": 8200,
            "id": "sgrule-1712215471",
            "ipv6_cidr_blocks": null,
            "prefix_list_ids": null,
            "protocol": "tcp",
            "security_group_id": "sg-092e894704c6b6e57",
            "self": true,
            "source_security_group_id": null,
            "to_port": 8200,
            "type": "ingress"
          },
          "private": "eyJzY2hlbWFfdmVyc2lvbiI6IjIifQ=="
        }
      ]
    },
    {
      "module": "module.consul_cluster.module.security_group_rules",
      "mode": "managed",
      "type": "aws_security_group_rule",
      "name": "allow_dns_tcp_inbound",
      "each": "list",
      "provider": "provider.aws",
      "instances": [
        {
          "index_key": 0,
          "schema_version": 2,
          "attributes": {
            "cidr_blocks": [
              "0.0.0.0/0"
            ],
            "description": null,
            "from_port": 8600,
            "id": "sgrule-3918390469",
            "ipv6_cidr_blocks": null,
            "prefix_list_ids": null,
            "protocol": "tcp",
            "security_group_id": "sg-0ebc30d51dfa5e8c2",
            "self": false,
            "source_security_group_id": null,
            "to_port": 8600,
            "type": "ingress"
          },
          "private": "eyJzY2hlbWFfdmVyc2lvbiI6IjIifQ=="
        }
      ]
    },
    {
      "module": "module.consul_cluster.module.security_group_rules",
      "mode": "managed",
      "type": "aws_security_group_rule",
      "name": "allow_dns_tcp_inbound_from_security_group_ids",
      "each": "list",
      "provider": "provider.aws",
      "instances": []
    },
    {
      "module": "module.consul_cluster.module.security_group_rules",
      "mode": "managed",
      "type": "aws_security_group_rule",
      "name": "allow_dns_tcp_inbound_from_self",
      "provider": "provider.aws",
      "instances": [
        {
          "schema_version": 2,
          "attributes": {
            "cidr_blocks": null,
            "description": null,
            "from_port": 8600,
            "id": "sgrule-2037642654",
            "ipv6_cidr_blocks": null,
            "prefix_list_ids": null,
            "protocol": "tcp",
            "security_group_id": "sg-0ebc30d51dfa5e8c2",
            "self": true,
            "source_security_group_id": null,
            "to_port": 8600,
            "type": "ingress"
          },
          "private": "eyJzY2hlbWFfdmVyc2lvbiI6IjIifQ=="
        }
      ]
    },
    {
      "module": "module.consul_cluster.module.security_group_rules",
      "mode": "managed",
      "type": "aws_security_group_rule",
      "name": "allow_dns_udp_inbound",
      "each": "list",
      "provider": "provider.aws",
      "instances": [
        {
          "index_key": 0,
          "schema_version": 2,
          "attributes": {
            "cidr_blocks": [
              "0.0.0.0/0"
            ],
            "description": null,
            "from_port": 8600,
            "id": "sgrule-2537686621",
            "ipv6_cidr_blocks": null,
            "prefix_list_ids": null,
            "protocol": "udp",
            "security_group_id": "sg-0ebc30d51dfa5e8c2",
            "self": false,
            "source_security_group_id": null,
            "to_port": 8600,
            "type": "ingress"
          },
          "private": "eyJzY2hlbWFfdmVyc2lvbiI6IjIifQ=="
        }
      ]
    },
    {
      "module": "module.consul_cluster.module.security_group_rules",
      "mode": "managed",
      "type": "aws_security_group_rule",
      "name": "allow_dns_udp_inbound_from_security_group_ids",
      "each": "list",
      "provider": "provider.aws",
      "instances": []
    },
    {
      "module": "module.consul_cluster.module.security_group_rules",
      "mode": "managed",
      "type": "aws_security_group_rule",
      "name": "allow_dns_udp_inbound_from_self",
      "provider": "provider.aws",
      "instances": [
        {
          "schema_version": 2,
          "attributes": {
            "cidr_blocks": null,
            "description": null,
            "from_port": 8600,
            "id": "sgrule-3710670449",
            "ipv6_cidr_blocks": null,
            "prefix_list_ids": null,
            "protocol": "udp",
            "security_group_id": "sg-0ebc30d51dfa5e8c2",
            "self": true,
            "source_security_group_id": null,
            "to_port": 8600,
            "type": "ingress"
          },
          "private": "eyJzY2hlbWFfdmVyc2lvbiI6IjIifQ=="
        }
      ]
    },
    {
      "module": "module.consul_cluster.module.security_group_rules",
      "mode": "managed",
      "type": "aws_security_group_rule",
      "name": "allow_http_api_inbound",
      "each": "list",
      "provider": "provider.aws",
      "instances": [
        {
          "index_key": 0,
          "schema_version": 2,
          "attributes": {
            "cidr_blocks": [
              "0.0.0.0/0"
            ],
            "description": null,
            "from_port": 8500,
            "id": "sgrule-150089806",
            "ipv6_cidr_blocks": null,
            "prefix_list_ids": null,
            "protocol": "tcp",
            "security_group_id": "sg-0ebc30d51dfa5e8c2",
            "self": false,
            "source_security_group_id": null,
            "to_port": 8500,
            "type": "ingress"
          },
          "private": "eyJzY2hlbWFfdmVyc2lvbiI6IjIifQ=="
        }
      ]
    },
    {
      "module": "module.consul_cluster.module.security_group_rules",
      "mode": "managed",
      "type": "aws_security_group_rule",
      "name": "allow_http_api_inbound_from_security_group_ids",
      "each": "list",
      "provider": "provider.aws",
      "instances": []
    },
    {
      "module": "module.consul_cluster.module.security_group_rules",
      "mode": "managed",
      "type": "aws_security_group_rule",
      "name": "allow_http_api_inbound_from_self",
      "provider": "provider.aws",
      "instances": [
        {
          "schema_version": 2,
          "attributes": {
            "cidr_blocks": null,
            "description": null,
            "from_port": 8500,
            "id": "sgrule-4256165620",
            "ipv6_cidr_blocks": null,
            "prefix_list_ids": null,
            "protocol": "tcp",
            "security_group_id": "sg-0ebc30d51dfa5e8c2",
            "self": true,
            "source_security_group_id": null,
            "to_port": 8500,
            "type": "ingress"
          },
          "private": "eyJzY2hlbWFfdmVyc2lvbiI6IjIifQ=="
        }
      ]
    },
    {
      "module": "module.nomad_servers.module.security_group_rules",
      "mode": "managed",
      "type": "aws_security_group_rule",
      "name": "allow_http_inbound",
      "provider": "provider.aws",
      "instances": [
        {
          "schema_version": 2,
          "attributes": {
            "cidr_blocks": [
              "0.0.0.0/0"
            ],
            "description": null,
            "from_port": 4646,
            "id": "sgrule-3353646854",
            "ipv6_cidr_blocks": null,
            "prefix_list_ids": null,
            "protocol": "tcp",
            "security_group_id": "sg-004e9b9053b755c8a",
            "self": false,
            "source_security_group_id": null,
            "to_port": 4646,
            "type": "ingress"
          },
          "private": "eyJzY2hlbWFfdmVyc2lvbiI6IjIifQ=="
        }
      ]
    },
    {
      "module": "module.nomad_servers.module.security_group_rules",
      "mode": "managed",
      "type": "aws_security_group_rule",
      "name": "allow_rpc_inbound",
      "provider": "provider.aws",
      "instances": [
        {
          "schema_version": 2,
          "attributes": {
            "cidr_blocks": [
              "0.0.0.0/0"
            ],
            "description": null,
            "from_port": 4647,
            "id": "sgrule-633744133",
            "ipv6_cidr_blocks": null,
            "prefix_list_ids": null,
            "protocol": "tcp",
            "security_group_id": "sg-004e9b9053b755c8a",
            "self": false,
            "source_security_group_id": null,
            "to_port": 4647,
            "type": "ingress"
          },
          "private": "eyJzY2hlbWFfdmVyc2lvbiI6IjIifQ=="
        }
      ]
    },
    {
      "module": "module.security_group_rules",
      "mode": "managed",
      "type": "aws_security_group_rule",
      "name": "allow_serf_lan_tcp_inbound",
      "each": "list",
      "provider": "provider.aws",
      "instances": [
        {
          "index_key": 0,
          "schema_version": 2,
          "attributes": {
            "cidr_blocks": [
              "0.0.0.0/0"
            ],
            "description": null,
            "from_port": 8301,
            "id": "sgrule-3539890162",
            "ipv6_cidr_blocks": null,
            "prefix_list_ids": null,
            "protocol": "tcp",
            "security_group_id": "sg-092e894704c6b6e57",
            "self": false,
            "source_security_group_id": null,
            "to_port": 8301,
            "type": "ingress"
          },
          "private": "eyJzY2hlbWFfdmVyc2lvbiI6IjIifQ=="
        }
      ]
    },
    {
      "module": "module.consul_cluster.module.security_group_rules.module.client_security_group_rules",
      "mode": "managed",
      "type": "aws_security_group_rule",
      "name": "allow_serf_lan_tcp_inbound",
      "each": "list",
      "provider": "provider.aws",
      "instances": [
        {
          "index_key": 0,
          "schema_version": 2,
          "attributes": {
            "cidr_blocks": [
              "0.0.0.0/0"
            ],
            "description": null,
            "from_port": 8301,
            "id": "sgrule-4083032858",
            "ipv6_cidr_blocks": null,
            "prefix_list_ids": null,
            "protocol": "tcp",
            "security_group_id": "sg-0ebc30d51dfa5e8c2",
            "self": false,
            "source_security_group_id": null,
            "to_port": 8301,
            "type": "ingress"
          },
          "private": "eyJzY2hlbWFfdmVyc2lvbiI6IjIifQ=="
        }
      ]
    },
    {
      "module": "module.security_group_rules",
      "mode": "managed",
      "type": "aws_security_group_rule",
      "name": "allow_serf_lan_tcp_inbound_from_security_group_ids",
      "each": "list",
      "provider": "provider.aws",
      "instances": []
    },
    {
      "module": "module.consul_cluster.module.security_group_rules.module.client_security_group_rules",
      "mode": "managed",
      "type": "aws_security_group_rule",
      "name": "allow_serf_lan_tcp_inbound_from_security_group_ids",
      "each": "list",
      "provider": "provider.aws",
      "instances": []
    },
    {
      "module": "module.security_group_rules",
      "mode": "managed",
      "type": "aws_security_group_rule",
      "name": "allow_serf_lan_tcp_inbound_from_self",
      "provider": "provider.aws",
      "instances": [
        {
          "schema_version": 2,
          "attributes": {
            "cidr_blocks": null,
            "description": null,
            "from_port": 8301,
            "id": "sgrule-3522304642",
            "ipv6_cidr_blocks": null,
            "prefix_list_ids": null,
            "protocol": "tcp",
            "security_group_id": "sg-092e894704c6b6e57",
            "self": true,
            "source_security_group_id": null,
            "to_port": 8301,
            "type": "ingress"
          },
          "private": "eyJzY2hlbWFfdmVyc2lvbiI6IjIifQ=="
        }
      ]
    },
    {
      "module": "module.consul_cluster.module.security_group_rules.module.client_security_group_rules",
      "mode": "managed",
      "type": "aws_security_group_rule",
      "name": "allow_serf_lan_tcp_inbound_from_self",
      "provider": "provider.aws",
      "instances": [
        {
          "schema_version": 2,
          "attributes": {
            "cidr_blocks": null,
            "description": null,
            "from_port": 8301,
            "id": "sgrule-1375836757",
            "ipv6_cidr_blocks": null,
            "prefix_list_ids": null,
            "protocol": "tcp",
            "security_group_id": "sg-0ebc30d51dfa5e8c2",
            "self": true,
            "source_security_group_id": null,
            "to_port": 8301,
            "type": "ingress"
          },
          "private": "eyJzY2hlbWFfdmVyc2lvbiI6IjIifQ=="
        }
      ]
    },
    {
      "module": "module.security_group_rules",
      "mode": "managed",
      "type": "aws_security_group_rule",
      "name": "allow_serf_lan_udp_inbound",
      "each": "list",
      "provider": "provider.aws",
      "instances": [
        {
          "index_key": 0,
          "schema_version": 2,
          "attributes": {
            "cidr_blocks": [
              "0.0.0.0/0"
            ],
            "description": null,
            "from_port": 8301,
            "id": "sgrule-2888928618",
            "ipv6_cidr_blocks": null,
            "prefix_list_ids": null,
            "protocol": "udp",
            "security_group_id": "sg-092e894704c6b6e57",
            "self": false,
            "source_security_group_id": null,
            "to_port": 8301,
            "type": "ingress"
          },
          "private": "eyJzY2hlbWFfdmVyc2lvbiI6IjIifQ=="
        }
      ]
    },
    {
      "module": "module.consul_cluster.module.security_group_rules.module.client_security_group_rules",
      "mode": "managed",
      "type": "aws_security_group_rule",
      "name": "allow_serf_lan_udp_inbound",
      "each": "list",
      "provider": "provider.aws",
      "instances": [
        {
          "index_key": 0,
          "schema_version": 2,
          "attributes": {
            "cidr_blocks": [
              "0.0.0.0/0"
            ],
            "description": null,
            "from_port": 8301,
            "id": "sgrule-2375139714",
            "ipv6_cidr_blocks": null,
            "prefix_list_ids": null,
            "protocol": "udp",
            "security_group_id": "sg-0ebc30d51dfa5e8c2",
            "self": false,
            "source_security_group_id": null,
            "to_port": 8301,
            "type": "ingress"
          },
          "private": "eyJzY2hlbWFfdmVyc2lvbiI6IjIifQ=="
        }
      ]
    },
    {
      "module": "module.security_group_rules",
      "mode": "managed",
      "type": "aws_security_group_rule",
      "name": "allow_serf_lan_udp_inbound_from_security_group_ids",
      "each": "list",
      "provider": "provider.aws",
      "instances": []
    },
    {
      "module": "module.consul_cluster.module.security_group_rules.module.client_security_group_rules",
      "mode": "managed",
      "type": "aws_security_group_rule",
      "name": "allow_serf_lan_udp_inbound_from_security_group_ids",
      "each": "list",
      "provider": "provider.aws",
      "instances": []
    },
    {
      "module": "module.security_group_rules",
      "mode": "managed",
      "type": "aws_security_group_rule",
      "name": "allow_serf_lan_udp_inbound_from_self",
      "provider": "provider.aws",
      "instances": [
        {
          "schema_version": 2,
          "attributes": {
            "cidr_blocks": null,
            "description": null,
            "from_port": 8301,
            "id": "sgrule-1974319469",
            "ipv6_cidr_blocks": null,
            "prefix_list_ids": null,
            "protocol": "udp",
            "security_group_id": "sg-092e894704c6b6e57",
            "self": true,
            "source_security_group_id": null,
            "to_port": 8301,
            "type": "ingress"
          },
          "private": "eyJzY2hlbWFfdmVyc2lvbiI6IjIifQ=="
        }
      ]
    },
    {
      "module": "module.consul_cluster.module.security_group_rules.module.client_security_group_rules",
      "mode": "managed",
      "type": "aws_security_group_rule",
      "name": "allow_serf_lan_udp_inbound_from_self",
      "provider": "provider.aws",
      "instances": [
        {
          "schema_version": 2,
          "attributes": {
            "cidr_blocks": null,
            "description": null,
            "from_port": 8301,
            "id": "sgrule-4133370298",
            "ipv6_cidr_blocks": null,
            "prefix_list_ids": null,
            "protocol": "udp",
            "security_group_id": "sg-0ebc30d51dfa5e8c2",
            "self": true,
            "source_security_group_id": null,
            "to_port": 8301,
            "type": "ingress"
          },
          "private": "eyJzY2hlbWFfdmVyc2lvbiI6IjIifQ=="
        }
      ]
    },
    {
      "module": "module.nomad_servers.module.security_group_rules",
      "mode": "managed",
      "type": "aws_security_group_rule",
      "name": "allow_serf_tcp_inbound",
      "provider": "provider.aws",
      "instances": [
        {
          "schema_version": 2,
          "attributes": {
            "cidr_blocks": [
              "0.0.0.0/0"
            ],
            "description": null,
            "from_port": 4648,
            "id": "sgrule-2590633171",
            "ipv6_cidr_blocks": null,
            "prefix_list_ids": null,
            "protocol": "tcp",
            "security_group_id": "sg-004e9b9053b755c8a",
            "self": false,
            "source_security_group_id": null,
            "to_port": 4648,
            "type": "ingress"
          },
          "private": "eyJzY2hlbWFfdmVyc2lvbiI6IjIifQ=="
        }
      ]
    },
    {
      "module": "module.nomad_servers.module.security_group_rules",
      "mode": "managed",
      "type": "aws_security_group_rule",
      "name": "allow_serf_udp_inbound",
      "provider": "provider.aws",
      "instances": [
        {
          "schema_version": 2,
          "attributes": {
            "cidr_blocks": [
              "0.0.0.0/0"
            ],
            "description": null,
            "from_port": 4648,
            "id": "sgrule-3836087883",
            "ipv6_cidr_blocks": null,
            "prefix_list_ids": null,
            "protocol": "udp",
            "security_group_id": "sg-004e9b9053b755c8a",
            "self": false,
            "source_security_group_id": null,
            "to_port": 4648,
            "type": "ingress"
          },
          "private": "eyJzY2hlbWFfdmVyc2lvbiI6IjIifQ=="
        }
      ]
    },
    {
      "module": "module.consul_cluster.module.security_group_rules",
      "mode": "managed",
      "type": "aws_security_group_rule",
      "name": "allow_serf_wan_tcp_inbound",
      "each": "list",
      "provider": "provider.aws",
      "instances": [
        {
          "index_key": 0,
          "schema_version": 2,
          "attributes": {
            "cidr_blocks": [
              "0.0.0.0/0"
            ],
            "description": null,
            "from_port": 8302,
            "id": "sgrule-239657310",
            "ipv6_cidr_blocks": null,
            "prefix_list_ids": null,
            "protocol": "tcp",
            "security_group_id": "sg-0ebc30d51dfa5e8c2",
            "self": false,
            "source_security_group_id": null,
            "to_port": 8302,
            "type": "ingress"
          },
          "private": "eyJzY2hlbWFfdmVyc2lvbiI6IjIifQ=="
        }
      ]
    },
    {
      "module": "module.consul_cluster.module.security_group_rules",
      "mode": "managed",
      "type": "aws_security_group_rule",
      "name": "allow_serf_wan_tcp_inbound_from_security_group_ids",
      "each": "list",
      "provider": "provider.aws",
      "instances": []
    },
    {
      "module": "module.consul_cluster.module.security_group_rules",
      "mode": "managed",
      "type": "aws_security_group_rule",
      "name": "allow_serf_wan_tcp_inbound_from_self",
      "provider": "provider.aws",
      "instances": [
        {
          "schema_version": 2,
          "attributes": {
            "cidr_blocks": null,
            "description": null,
            "from_port": 8302,
            "id": "sgrule-3584579081",
            "ipv6_cidr_blocks": null,
            "prefix_list_ids": null,
            "protocol": "tcp",
            "security_group_id": "sg-0ebc30d51dfa5e8c2",
            "self": true,
            "source_security_group_id": null,
            "to_port": 8302,
            "type": "ingress"
          },
          "private": "eyJzY2hlbWFfdmVyc2lvbiI6IjIifQ=="
        }
      ]
    },
    {
      "module": "module.consul_cluster.module.security_group_rules",
      "mode": "managed",
      "type": "aws_security_group_rule",
      "name": "allow_serf_wan_udp_inbound",
      "each": "list",
      "provider": "provider.aws",
      "instances": [
        {
          "index_key": 0,
          "schema_version": 2,
          "attributes": {
            "cidr_blocks": [
              "0.0.0.0/0"
            ],
            "description": null,
            "from_port": 8302,
            "id": "sgrule-1887896518",
            "ipv6_cidr_blocks": null,
            "prefix_list_ids": null,
            "protocol": "udp",
            "security_group_id": "sg-0ebc30d51dfa5e8c2",
            "self": false,
            "source_security_group_id": null,
            "to_port": 8302,
            "type": "ingress"
          },
          "private": "eyJzY2hlbWFfdmVyc2lvbiI6IjIifQ=="
        }
      ]
    },
    {
      "module": "module.consul_cluster.module.security_group_rules",
      "mode": "managed",
      "type": "aws_security_group_rule",
      "name": "allow_serf_wan_udp_inbound_from_security_group_ids",
      "each": "list",
      "provider": "provider.aws",
      "instances": []
    },
    {
      "module": "module.consul_cluster.module.security_group_rules",
      "mode": "managed",
      "type": "aws_security_group_rule",
      "name": "allow_serf_wan_udp_inbound_from_self",
      "provider": "provider.aws",
      "instances": [
        {
          "schema_version": 2,
          "attributes": {
            "cidr_blocks": null,
            "description": null,
            "from_port": 8302,
            "id": "sgrule-1912075750",
            "ipv6_cidr_blocks": null,
            "prefix_list_ids": null,
            "protocol": "udp",
            "security_group_id": "sg-0ebc30d51dfa5e8c2",
            "self": true,
            "source_security_group_id": null,
            "to_port": 8302,
            "type": "ingress"
          },
          "private": "eyJzY2hlbWFfdmVyc2lvbiI6IjIifQ=="
        }
      ]
    },
    {
      "module": "module.consul_cluster.module.security_group_rules",
      "mode": "managed",
      "type": "aws_security_group_rule",
      "name": "allow_server_rpc_inbound",
      "each": "list",
      "provider": "provider.aws",
      "instances": [
        {
          "index_key": 0,
          "schema_version": 2,
          "attributes": {
            "cidr_blocks": [
              "0.0.0.0/0"
            ],
            "description": null,
            "from_port": 8300,
            "id": "sgrule-293379865",
            "ipv6_cidr_blocks": null,
            "prefix_list_ids": null,
            "protocol": "tcp",
            "security_group_id": "sg-0ebc30d51dfa5e8c2",
            "self": false,
            "source_security_group_id": null,
            "to_port": 8300,
            "type": "ingress"
          },
          "private": "eyJzY2hlbWFfdmVyc2lvbiI6IjIifQ=="
        }
      ]
    },
    {
      "module": "module.consul_cluster.module.security_group_rules",
      "mode": "managed",
      "type": "aws_security_group_rule",
      "name": "allow_server_rpc_inbound_from_security_group_ids",
      "each": "list",
      "provider": "provider.aws",
      "instances": []
    },
    {
      "module": "module.consul_cluster.module.security_group_rules",
      "mode": "managed",
      "type": "aws_security_group_rule",
      "name": "allow_server_rpc_inbound_from_self",
      "provider": "provider.aws",
      "instances": [
        {
          "schema_version": 2,
          "attributes": {
            "cidr_blocks": null,
            "description": null,
            "from_port": 8300,
            "id": "sgrule-795270753",
            "ipv6_cidr_blocks": null,
            "prefix_list_ids": null,
            "protocol": "tcp",
            "security_group_id": "sg-0ebc30d51dfa5e8c2",
            "self": true,
            "source_security_group_id": null,
            "to_port": 8300,
            "type": "ingress"
          },
          "private": "eyJzY2hlbWFfdmVyc2lvbiI6IjIifQ=="
        }
      ]
    },
    {
      "module": "module.nomad_servers",
      "mode": "managed",
      "type": "aws_security_group_rule",
      "name": "allow_ssh_inbound",
      "provider": "provider.aws",
      "instances": [
        {
          "schema_version": 2,
          "attributes": {
            "cidr_blocks": [
              "0.0.0.0/0"
            ],
            "description": null,
            "from_port": 22,
            "id": "sgrule-1703255504",
            "ipv6_cidr_blocks": null,
            "prefix_list_ids": null,
            "protocol": "tcp",
            "security_group_id": "sg-004e9b9053b755c8a",
            "self": false,
            "source_security_group_id": null,
            "to_port": 22,
            "type": "ingress"
          },
          "private": "eyJzY2hlbWFfdmVyc2lvbiI6IjIifQ==",
          "depends_on": [
            "aws_security_group.lc_security_group"
          ]
        }
      ]
    },
    {
      "module": "module.consul_cluster",
      "mode": "managed",
      "type": "aws_security_group_rule",
      "name": "allow_ssh_inbound",
      "each": "list",
      "provider": "provider.aws",
      "instances": [
        {
          "index_key": 0,
          "schema_version": 2,
          "attributes": {
            "cidr_blocks": [
              "0.0.0.0/0"
            ],
            "description": null,
            "from_port": 22,
            "id": "sgrule-2736493350",
            "ipv6_cidr_blocks": null,
            "prefix_list_ids": null,
            "protocol": "tcp",
            "security_group_id": "sg-0ebc30d51dfa5e8c2",
            "self": false,
            "source_security_group_id": null,
            "to_port": 22,
            "type": "ingress"
          },
          "private": "eyJzY2hlbWFfdmVyc2lvbiI6IjIifQ==",
          "depends_on": [
            "aws_security_group.lc_security_group"
          ]
        }
      ]
    },
    {
      "module": "module.vault_cluster",
      "mode": "managed",
      "type": "aws_security_group_rule",
      "name": "allow_ssh_inbound_from_cidr_blocks",
      "each": "list",
      "provider": "provider.aws",
      "instances": [
        {
          "index_key": 0,
          "schema_version": 2,
          "attributes": {
            "cidr_blocks": [
              "0.0.0.0/0"
            ],
            "description": null,
            "from_port": 22,
            "id": "sgrule-3510905277",
            "ipv6_cidr_blocks": null,
            "prefix_list_ids": null,
            "protocol": "tcp",
            "security_group_id": "sg-092e894704c6b6e57",
            "self": false,
            "source_security_group_id": null,
            "to_port": 22,
            "type": "ingress"
          },
          "private": "eyJzY2hlbWFfdmVyc2lvbiI6IjIifQ==",
          "depends_on": [
            "aws_security_group.lc_security_group"
          ]
        }
      ]
    },
    {
      "module": "module.consul_cluster",
      "mode": "managed",
      "type": "aws_security_group_rule",
      "name": "allow_ssh_inbound_from_security_group_ids",
      "each": "list",
      "provider": "provider.aws",
      "instances": []
    },
    {
      "module": "module.vault_cluster",
      "mode": "managed",
      "type": "aws_security_group_rule",
      "name": "allow_ssh_inbound_from_security_group_ids",
      "each": "list",
      "provider": "provider.aws",
      "instances": []
    }
  ]
}
